// !$*UTF8*$!
{
	archiveVersion = 1;
	classes = {
	};
	objectVersion = 56;
	objects = {

/* Begin PBXBuildFile section */
		0108BE132D17A2C900595C80 /* FavoritesViewController.swift in Sources */ = {isa = PBXBuildFile; fileRef = 0108BE122D17A2C900595C80 /* FavoritesViewController.swift */; };
		0108BE442D17B91000595C80 /* ProfileNetworkServiceProtocol.swift in Sources */ = {isa = PBXBuildFile; fileRef = 0108BE432D17B90500595C80 /* ProfileNetworkServiceProtocol.swift */; };
		0108BE462D17B97900595C80 /* ProfileNetworkService.swift in Sources */ = {isa = PBXBuildFile; fileRef = 0108BE452D17B97200595C80 /* ProfileNetworkService.swift */; };
		0108BE482D17B9C200595C80 /* ProfileRequest.swift in Sources */ = {isa = PBXBuildFile; fileRef = 0108BE472D17B9BB00595C80 /* ProfileRequest.swift */; };
		0108BE4A2D17B9F900595C80 /* UpdateProfileRequest.swift in Sources */ = {isa = PBXBuildFile; fileRef = 0108BE492D17B9E800595C80 /* UpdateProfileRequest.swift */; };
		0108BE782D189ADA00595C80 /* EditProfileViewModel.swift in Sources */ = {isa = PBXBuildFile; fileRef = 0108BE772D189ACA00595C80 /* EditProfileViewModel.swift */; };
		012773BA2D1646FD005B656F /* EditProfileViewController.swift in Sources */ = {isa = PBXBuildFile; fileRef = 012773B92D1646EC005B656F /* EditProfileViewController.swift */; };
		012773F42D164E3D005B656F /* ProfileWebViewController.swift in Sources */ = {isa = PBXBuildFile; fileRef = 012773F32D164E2E005B656F /* ProfileWebViewController.swift */; };
		012773FE2D16508D005B656F /* ProfileWebViewModel.swift in Sources */ = {isa = PBXBuildFile; fileRef = 012773FD2D165086005B656F /* ProfileWebViewModel.swift */; };
		014F66372D309D6C00DDE941 /* FavoritesViewModel.swift in Sources */ = {isa = PBXBuildFile; fileRef = 014F66362D309D6700DDE941 /* FavoritesViewModel.swift */; };
		014F66532D3127C100DDE941 /* NftTableViewCell.swift in Sources */ = {isa = PBXBuildFile; fileRef = 014F66522D3127B600DDE941 /* NftTableViewCell.swift */; };
		014F665B2D312BCD00DDE941 /* NftCollectionViewCell.swift in Sources */ = {isa = PBXBuildFile; fileRef = 014F665A2D312BCD00DDE941 /* NftCollectionViewCell.swift */; };
		014F668C2D31387C00DDE941 /* FavouritesService.swift in Sources */ = {isa = PBXBuildFile; fileRef = 014F668B2D31386E00DDE941 /* FavouritesService.swift */; };
		014F66CC2D315DAE00DDE941 /* FavouritesRequest.swift in Sources */ = {isa = PBXBuildFile; fileRef = 014F66CB2D315D9C00DDE941 /* FavouritesRequest.swift */; };
		0170DE0E2D163CF800D14A11 /* ProfileLinkTableViewCell.swift in Sources */ = {isa = PBXBuildFile; fileRef = 0170DE0D2D163CDE00D14A11 /* ProfileLinkTableViewCell.swift */; };
		0170DE102D163E4C00D14A11 /* MyNftViewController.swift in Sources */ = {isa = PBXBuildFile; fileRef = 0170DE0F2D163E3F00D14A11 /* MyNftViewController.swift */; };
		0170DE1C2D1640C400D14A11 /* ProfileTableItem.swift in Sources */ = {isa = PBXBuildFile; fileRef = 0170DE1B2D1640B900D14A11 /* ProfileTableItem.swift */; };
		0170DE1F2D16412300D14A11 /* ProfileViewModel.swift in Sources */ = {isa = PBXBuildFile; fileRef = 0170DE1E2D16411600D14A11 /* ProfileViewModel.swift */; };
		01871FF72D10E2BB00800E57 /* PrimaryButton.swift in Sources */ = {isa = PBXBuildFile; fileRef = 01871FF62D10E2AF00800E57 /* PrimaryButton.swift */; };
		01871FF92D10E2D500800E57 /* SecondaryButton.swift in Sources */ = {isa = PBXBuildFile; fileRef = 01871FF82D10E2CC00800E57 /* SecondaryButton.swift */; };
		01A8FE4F2D354A7500833278 /* OrderPutService.swift in Sources */ = {isa = PBXBuildFile; fileRef = F03797EB2D22DAE700391D5D /* OrderPutService.swift */; };
		01A8FE582D354B9100833278 /* OrderRequest.swift in Sources */ = {isa = PBXBuildFile; fileRef = F03797F12D22DB7B00391D5D /* OrderRequest.swift */; };
		01A8FE722D35561100833278 /* FavouritesNFTIDRequest.swift in Sources */ = {isa = PBXBuildFile; fileRef = 01A8FE712D3555F200833278 /* FavouritesNFTIDRequest.swift */; };
		01A8FE7C2D35578300833278 /* ProfileNFT.swift in Sources */ = {isa = PBXBuildFile; fileRef = 01A8FE7B2D35577700833278 /* ProfileNFT.swift */; };
		01C0F3E82D1CE50100D77566 /* MyNFTViewModelProtocol.swift in Sources */ = {isa = PBXBuildFile; fileRef = 01C0F3E72D1CE4F800D77566 /* MyNFTViewModelProtocol.swift */; };
		01C0F3EA2D1CE51E00D77566 /* MyNFTViewModel.swift in Sources */ = {isa = PBXBuildFile; fileRef = 01C0F3E92D1CE51600D77566 /* MyNFTViewModel.swift */; };
		01C0F4AE2D1F034100D77566 /* MyNFTService.swift in Sources */ = {isa = PBXBuildFile; fileRef = 01C0F4AD2D1F032E00D77566 /* MyNFTService.swift */; };
		01C0F4B22D1F057600D77566 /* MyNFTModel.swift in Sources */ = {isa = PBXBuildFile; fileRef = 01C0F4B12D1F056700D77566 /* MyNFTModel.swift */; };
		01C35CD82D1F081B00EDC67A /* MyNFTRequest.swift in Sources */ = {isa = PBXBuildFile; fileRef = 01C35CD72D1F080400EDC67A /* MyNFTRequest.swift */; };
		01CD074F2D3543D500C5F7D5 /* CurrenciesService.swift in Sources */ = {isa = PBXBuildFile; fileRef = F03796952D17235500391D5D /* CurrenciesService.swift */; };
		01D78F472D3545CF00257E79 /* UserService.swift in Sources */ = {isa = PBXBuildFile; fileRef = 266918B62D1B0A7700B9D053 /* UserService.swift */; };
		01D78F4A2D3545E400257E79 /* UserRequest.swift in Sources */ = {isa = PBXBuildFile; fileRef = 266918B52D1B0A7700B9D053 /* UserRequest.swift */; };
		01D78F552D35473400257E79 /* SuccessViewModel.swift in Sources */ = {isa = PBXBuildFile; fileRef = F03797412D18CD1900391D5D /* SuccessViewModel.swift */; };
		01D78F582D35475200257E79 /* SplashViewController.swift in Sources */ = {isa = PBXBuildFile; fileRef = F02A72502D30383400D897B7 /* SplashViewController.swift */; };
		01D78F5B2D35476000257E79 /* SplashViewModel.swift in Sources */ = {isa = PBXBuildFile; fileRef = F02A71F92D2FC8AA00D897B7 /* SplashViewModel.swift */; };
		01D78F5E2D35477700257E79 /* OnboardingPageViewController.swift in Sources */ = {isa = PBXBuildFile; fileRef = F02A70E22D2DD87800D897B7 /* OnboardingPageViewController.swift */; };
		01D78F612D35479700257E79 /* UserCardViewModel.swift in Sources */ = {isa = PBXBuildFile; fileRef = 266918C12D1B0ACA00B9D053 /* UserCardViewModel.swift */; };
		01D78F642D3547B900257E79 /* StatisticsViewController.swift in Sources */ = {isa = PBXBuildFile; fileRef = 266918B12D1B0A7700B9D053 /* StatisticsViewController.swift */; };
		01D78F652D3547BD00257E79 /* StatisticsViewModel.swift in Sources */ = {isa = PBXBuildFile; fileRef = 266918B22D1B0A7700B9D053 /* StatisticsViewModel.swift */; };
		01D78F6A2D35486A00257E79 /* OnboardingSlide.swift in Sources */ = {isa = PBXBuildFile; fileRef = F02A70DC2D2DD75B00D897B7 /* OnboardingSlide.swift */; };
		01D78F6D2D35488600257E79 /* DeleteConfirmationViewModel.swift in Sources */ = {isa = PBXBuildFile; fileRef = F037964D2D161EDC00391D5D /* DeleteConfirmationViewModel.swift */; };
		01D78F702D3548C300257E79 /* UserCell.swift in Sources */ = {isa = PBXBuildFile; fileRef = 266918B32D1B0A7700B9D053 /* UserCell.swift */; };
		01D78F712D3548D500257E79 /* UserWebViewController.swift in Sources */ = {isa = PBXBuildFile; fileRef = 269F221C2D1DDAAC004B9FD8 /* UserWebViewController.swift */; };
		01D78F722D3548DD00257E79 /* UserCollectionViewController.swift in Sources */ = {isa = PBXBuildFile; fileRef = 26B8EB932D2EB99900BF8940 /* UserCollectionViewController.swift */; };
		01D78F732D3548E400257E79 /* StatisticsCollectionViewCell.swift in Sources */ = {isa = PBXBuildFile; fileRef = 26B8EB992D2EC7BC00BF8940 /* StatisticsCollectionViewCell.swift */; };
		01D78F742D35490900257E79 /* WebViewController.swift in Sources */ = {isa = PBXBuildFile; fileRef = F03797892D19CE4800391D5D /* WebViewController.swift */; };
		01D78F752D35490E00257E79 /* PaymentCell.swift in Sources */ = {isa = PBXBuildFile; fileRef = F03796CC2D189FEE00391D5D /* PaymentCell.swift */; };
		01D78F762D35491500257E79 /* PaymentSelectionViewController.swift in Sources */ = {isa = PBXBuildFile; fileRef = F03796C82D189E8C00391D5D /* PaymentSelectionViewController.swift */; };
		0C79EE612A76DCD600EE90EA /* NftByIdRequest.swift in Sources */ = {isa = PBXBuildFile; fileRef = 0C79EE602A76DCD600EE90EA /* NftByIdRequest.swift */; };
		0C79EE632A76DD1900EE90EA /* RequestConstants.swift in Sources */ = {isa = PBXBuildFile; fileRef = 0C79EE622A76DD1900EE90EA /* RequestConstants.swift */; };
		0C79EE662A76DDFF00EE90EA /* NftDetailViewController.swift in Sources */ = {isa = PBXBuildFile; fileRef = 0C79EE652A76DDFF00EE90EA /* NftDetailViewController.swift */; };
		0C79EE682A76DE0900EE90EA /* NftDetailPresenter.swift in Sources */ = {isa = PBXBuildFile; fileRef = 0C79EE672A76DE0900EE90EA /* NftDetailPresenter.swift */; };
		0C79EE6A2A76DE1000EE90EA /* NftDetailAssembly.swift in Sources */ = {isa = PBXBuildFile; fileRef = 0C79EE692A76DE1000EE90EA /* NftDetailAssembly.swift */; };
		0C79EE6C2A76DE2E00EE90EA /* ServicesAssemly.swift in Sources */ = {isa = PBXBuildFile; fileRef = 0C79EE6B2A76DE2E00EE90EA /* ServicesAssemly.swift */; };
		0CF2C2DB2A783C1B00FDC837 /* LoadingView.swift in Sources */ = {isa = PBXBuildFile; fileRef = 0CF2C2DA2A783C1B00FDC837 /* LoadingView.swift */; };
		0CF2C2DD2A783CE600FDC837 /* ErrorView.swift in Sources */ = {isa = PBXBuildFile; fileRef = 0CF2C2DC2A783CE600FDC837 /* ErrorView.swift */; };
		0CF2C2E12A784C7000FDC837 /* LinePageControl.swift in Sources */ = {isa = PBXBuildFile; fileRef = 0CF2C2E02A784C7000FDC837 /* LinePageControl.swift */; };
		0CFCB7422A78013E0009A829 /* Nft.swift in Sources */ = {isa = PBXBuildFile; fileRef = 0CFCB7412A78013E0009A829 /* Nft.swift */; };
		0CFCB7442A7802440009A829 /* NftDetailInput.swift in Sources */ = {isa = PBXBuildFile; fileRef = 0CFCB7432A7802440009A829 /* NftDetailInput.swift */; };
		0CFCB7462A78064B0009A829 /* NftDetailCellModel.swift in Sources */ = {isa = PBXBuildFile; fileRef = 0CFCB7452A78064B0009A829 /* NftDetailCellModel.swift */; };
		0CFCB74B2A780EA80009A829 /* UIView+Constraints.swift in Sources */ = {isa = PBXBuildFile; fileRef = 0CFCB74A2A780EA80009A829 /* UIView+Constraints.swift */; };
		0CFCB74E2A7817DC0009A829 /* NftStorage.swift in Sources */ = {isa = PBXBuildFile; fileRef = 0CFCB74D2A7817DC0009A829 /* NftStorage.swift */; };
		26250E522D107C25005F5BE3 /* NftCollection.swift in Sources */ = {isa = PBXBuildFile; fileRef = 26250E512D107C20005F5BE3 /* NftCollection.swift */; };
		26250E542D107E53005F5BE3 /* Users.swift in Sources */ = {isa = PBXBuildFile; fileRef = 26250E532D107E53005F5BE3 /* Users.swift */; };
		26250E562D107EB0005F5BE3 /* Profile.swift in Sources */ = {isa = PBXBuildFile; fileRef = 26250E552D107EB0005F5BE3 /* Profile.swift */; };
		26250E582D108322005F5BE3 /* Currencies.swift in Sources */ = {isa = PBXBuildFile; fileRef = 26250E572D108322005F5BE3 /* Currencies.swift */; };
		26250E5A2D1083BF005F5BE3 /* Order.swift in Sources */ = {isa = PBXBuildFile; fileRef = 26250E592D1083BF005F5BE3 /* Order.swift */; };
		26250E5C2D108404005F5BE3 /* OrderPayment.swift in Sources */ = {isa = PBXBuildFile; fileRef = 26250E5B2D108404005F5BE3 /* OrderPayment.swift */; };
		266918C42D1B0AD900B9D053 /* UserCardViewController.swift in Sources */ = {isa = PBXBuildFile; fileRef = 266918C32D1B0AD900B9D053 /* UserCardViewController.swift */; };
		26B8EB962D2EB9A800BF8940 /* UserCollectionViewModel.swift in Sources */ = {isa = PBXBuildFile; fileRef = 26B8EB952D2EB9A800BF8940 /* UserCollectionViewModel.swift */; };
		26B8EB9E2D2ED01200BF8940 /* UserNftRequest.swift in Sources */ = {isa = PBXBuildFile; fileRef = 26B8EB9D2D2ED01200BF8940 /* UserNftRequest.swift */; };
		3F478ECF29DB474E00F6D39E /* Colors.swift in Sources */ = {isa = PBXBuildFile; fileRef = 3F478ECE29DB474E00F6D39E /* Colors.swift */; };
		3F478ED129DB476500F6D39E /* Fonts.swift in Sources */ = {isa = PBXBuildFile; fileRef = 3F478ED029DB476500F6D39E /* Fonts.swift */; };
		3F603CCD29DB4A53000C43D7 /* ProgressHUD in Frameworks */ = {isa = PBXBuildFile; productRef = 3F603CCC29DB4A53000C43D7 /* ProgressHUD */; };
		3F603CD029DB4A74000C43D7 /* Kingfisher in Frameworks */ = {isa = PBXBuildFile; productRef = 3F603CCF29DB4A74000C43D7 /* Kingfisher */; };
		3F68069729CBBAF100B4F915 /* AppDelegate.swift in Sources */ = {isa = PBXBuildFile; fileRef = 3F68069629CBBAF100B4F915 /* AppDelegate.swift */; };
		3F68069929CBBAF100B4F915 /* SceneDelegate.swift in Sources */ = {isa = PBXBuildFile; fileRef = 3F68069829CBBAF100B4F915 /* SceneDelegate.swift */; };
		3F68069B29CBBAF100B4F915 /* ProductDetailsTableViewController.swift in Sources */ = {isa = PBXBuildFile; fileRef = 3F68069A29CBBAF100B4F915 /* ProductDetailsTableViewController.swift */; };
		3F6806A029CBBAF200B4F915 /* Assets.xcassets in Resources */ = {isa = PBXBuildFile; fileRef = 3F68069F29CBBAF200B4F915 /* Assets.xcassets */; };
		3F6806A329CBBAF200B4F915 /* LaunchScreen.storyboard in Resources */ = {isa = PBXBuildFile; fileRef = 3F6806A129CBBAF200B4F915 /* LaunchScreen.storyboard */; };
		3F6806AE29CBBAF200B4F915 /* ExampleUnitTests.swift in Sources */ = {isa = PBXBuildFile; fileRef = 3F6806AD29CBBAF200B4F915 /* ExampleUnitTests.swift */; };
		3F6806B829CBBAF200B4F915 /* FakeNFTUITests.swift in Sources */ = {isa = PBXBuildFile; fileRef = 3F6806B729CBBAF200B4F915 /* FakeNFTUITests.swift */; };
		3F6806D129CBBE6B00B4F915 /* NetworkClient.swift in Sources */ = {isa = PBXBuildFile; fileRef = 3F6806D029CBBE6B00B4F915 /* NetworkClient.swift */; };
		3F6806D329CBBE9600B4F915 /* NetworkRequest.swift in Sources */ = {isa = PBXBuildFile; fileRef = 3F6806D229CBBE9600B4F915 /* NetworkRequest.swift */; };
		3F6806D529CBBEC700B4F915 /* NetworkTask.swift in Sources */ = {isa = PBXBuildFile; fileRef = 3F6806D429CBBEC700B4F915 /* NetworkTask.swift */; };
		3F6806D729CBC50A00B4F915 /* CellsReusingUtils.swift in Sources */ = {isa = PBXBuildFile; fileRef = 3F6806D629CBC50A00B4F915 /* CellsReusingUtils.swift */; };
		3FC8C38B29D242E90081F015 /* ProductDetailsTableViewCell.swift in Sources */ = {isa = PBXBuildFile; fileRef = 3FC8C38A29D242E90081F015 /* ProductDetailsTableViewCell.swift */; };
		3FC8C39329D246BA0081F015 /* DateFormatters+Presets.swift in Sources */ = {isa = PBXBuildFile; fileRef = 3FC8C39229D246BA0081F015 /* DateFormatters+Presets.swift */; };
		558E39E72C68CE0A00FB86AC /* NftService.swift in Sources */ = {isa = PBXBuildFile; fileRef = 558E39E62C68CE0900FB86AC /* NftService.swift */; };
		C1008F962D101B7400F990FF /* Then in Frameworks */ = {isa = PBXBuildFile; productRef = C1008F952D101B7400F990FF /* Then */; };
		C1008F992D101B8900F990FF /* SnapKit in Frameworks */ = {isa = PBXBuildFile; productRef = C1008F982D101B8900F990FF /* SnapKit */; };
		C1008FA32D10608400F990FF /* RatingView.swift in Sources */ = {isa = PBXBuildFile; fileRef = C1008FA22D10608400F990FF /* RatingView.swift */; };
		C1E19B252D11890900E9E0DE /* NftBaseCell.swift in Sources */ = {isa = PBXBuildFile; fileRef = C1E19B242D11890900E9E0DE /* NftBaseCell.swift */; };
		C1E19B272D118A2A00E9E0DE /* LikeButton.swift in Sources */ = {isa = PBXBuildFile; fileRef = C1E19B262D118A2A00E9E0DE /* LikeButton.swift */; };
		C1E19B292D118FC200E9E0DE /* CartButton.swift in Sources */ = {isa = PBXBuildFile; fileRef = C1E19B282D118FC200E9E0DE /* CartButton.swift */; };
		C1EE26E72D1461FB00096761 /* AlertPresenter.swift in Sources */ = {isa = PBXBuildFile; fileRef = C1EE26E42D1461FB00096761 /* AlertPresenter.swift */; };
		C1EE26E82D1461FB00096761 /* Logger.swift in Sources */ = {isa = PBXBuildFile; fileRef = C1EE26E52D1461FB00096761 /* Logger.swift */; };
		C1EE26EA2D14620C00096761 /* NftCollectionStorage.swift in Sources */ = {isa = PBXBuildFile; fileRef = C1EE26E92D14620C00096761 /* NftCollectionStorage.swift */; };
		C1EE26F22D14627300096761 /* NftCollectionsRequest.swift in Sources */ = {isa = PBXBuildFile; fileRef = C1EE26F12D14627300096761 /* NftCollectionsRequest.swift */; };
		C1EE27062D146B8400096761 /* NftCollectionService.swift in Sources */ = {isa = PBXBuildFile; fileRef = C1EE27052D146B8400096761 /* NftCollectionService.swift */; };
		C1EE271F2D1483E900096761 /* CollectionListAssembly.swift in Sources */ = {isa = PBXBuildFile; fileRef = C1EE271A2D1483E900096761 /* CollectionListAssembly.swift */; };
		C1EE27212D1483E900096761 /* CollectionListViewModel.swift in Sources */ = {isa = PBXBuildFile; fileRef = C1EE271D2D1483E900096761 /* CollectionListViewModel.swift */; };
		C1EE27222D1483E900096761 /* CollectionListViewController.swift in Sources */ = {isa = PBXBuildFile; fileRef = C1EE271C2D1483E900096761 /* CollectionListViewController.swift */; };
		C1EE27232D1483E900096761 /* CollectionListTableCellModel.swift in Sources */ = {isa = PBXBuildFile; fileRef = C1EE271B2D1483E900096761 /* CollectionListTableCellModel.swift */; };
		C1EE273D2D14878A00096761 /* CollectionListTableCell.swift in Sources */ = {isa = PBXBuildFile; fileRef = C1EE273C2D14878A00096761 /* CollectionListTableCell.swift */; };
		E19CD5AB2A98B56600CA39A5 /* NftImageCollectionViewCell.swift in Sources */ = {isa = PBXBuildFile; fileRef = E19CD5AA2A98B56600CA39A5 /* NftImageCollectionViewCell.swift */; };
		E1A1B9DA2AA01CE400C3AFBC /* TabBarController.swift in Sources */ = {isa = PBXBuildFile; fileRef = E1A1B9D92AA01CE400C3AFBC /* TabBarController.swift */; };
		F02A70DF2D2DD82D00D897B7 /* OnboardingViewModel.swift in Sources */ = {isa = PBXBuildFile; fileRef = F02A70DE2D2DD82C00D897B7 /* OnboardingViewModel.swift */; };
		F02A714D2D2DF09200D897B7 /* OnboardingContentViewController.swift in Sources */ = {isa = PBXBuildFile; fileRef = F02A714C2D2DF09100D897B7 /* OnboardingContentViewController.swift */; };
		F037964C2D161ECA00391D5D /* DeleteConfirmationViewController.swift in Sources */ = {isa = PBXBuildFile; fileRef = F037964B2D161EC400391D5D /* DeleteConfirmationViewController.swift */; };
		F03796942D17230100391D5D /* CurrenciesRequest.swift in Sources */ = {isa = PBXBuildFile; fileRef = F03796932D1722FA00391D5D /* CurrenciesRequest.swift */; };
		F03796CB2D189FDE00391D5D /* PaymentSelectionViewModel.swift in Sources */ = {isa = PBXBuildFile; fileRef = F03796CA2D189FDC00391D5D /* PaymentSelectionViewModel.swift */; };
		F03797402D18CD0300391D5D /* SuccessModel.swift in Sources */ = {isa = PBXBuildFile; fileRef = F037973F2D18CCFE00391D5D /* SuccessModel.swift */; };
		F03797442D18CD2E00391D5D /* SuccessViewController.swift in Sources */ = {isa = PBXBuildFile; fileRef = F03797432D18CD2500391D5D /* SuccessViewController.swift */; };
		F03797EE2D22DB4100391D5D /* OrderService.swift in Sources */ = {isa = PBXBuildFile; fileRef = F03797ED2D22DB4000391D5D /* OrderService.swift */; };
		F03797F02D22DB5C00391D5D /* OrderPutRequest.swift in Sources */ = {isa = PBXBuildFile; fileRef = F03797EF2D22DB5B00391D5D /* OrderPutRequest.swift */; };
		F037983C2D2404FC00391D5D /* ImageLoader.swift in Sources */ = {isa = PBXBuildFile; fileRef = F037983B2D2404FC00391D5D /* ImageLoader.swift */; };
		F03798562D27EC9B00391D5D /* SetCurrencyRequest.swift in Sources */ = {isa = PBXBuildFile; fileRef = F03798552D27EC9700391D5D /* SetCurrencyRequest.swift */; };
		F03798582D27ED7A00391D5D /* SetCurrency.swift in Sources */ = {isa = PBXBuildFile; fileRef = F03798572D27ED5600391D5D /* SetCurrency.swift */; };
		F091F7E52D1384BF0060D731 /* CartItem.swift in Sources */ = {isa = PBXBuildFile; fileRef = F091F7E42D1384830060D731 /* CartItem.swift */; };
		F091F7E72D1385390060D731 /* CartViewModel.swift in Sources */ = {isa = PBXBuildFile; fileRef = F091F7E62D1385380060D731 /* CartViewModel.swift */; };
		F0BB219A2D0E3551009A2305 /* Localizable.xcstrings in Resources */ = {isa = PBXBuildFile; fileRef = F0BB21992D0E3551009A2305 /* Localizable.xcstrings */; };
		F0BB21A62D0F29B7009A2305 /* CartViewController.swift in Sources */ = {isa = PBXBuildFile; fileRef = F0BB21A52D0F29AF009A2305 /* CartViewController.swift */; };
		F0BB21A82D0F29C4009A2305 /* ProfileViewController.swift in Sources */ = {isa = PBXBuildFile; fileRef = F0BB21A72D0F29BC009A2305 /* ProfileViewController.swift */; };
		F0BB21AA2D0F2F6A009A2305 /* TabBarFactory.swift in Sources */ = {isa = PBXBuildFile; fileRef = F0BB21A92D0F2F66009A2305 /* TabBarFactory.swift */; };
/* End PBXBuildFile section */

/* Begin PBXContainerItemProxy section */
		3F6806AA29CBBAF200B4F915 /* PBXContainerItemProxy */ = {
			isa = PBXContainerItemProxy;
			containerPortal = 3F68068B29CBBAF100B4F915 /* Project object */;
			proxyType = 1;
			remoteGlobalIDString = 3F68069229CBBAF100B4F915;
			remoteInfo = FakeNFT;
		};
		3F6806B429CBBAF200B4F915 /* PBXContainerItemProxy */ = {
			isa = PBXContainerItemProxy;
			containerPortal = 3F68068B29CBBAF100B4F915 /* Project object */;
			proxyType = 1;
			remoteGlobalIDString = 3F68069229CBBAF100B4F915;
			remoteInfo = FakeNFT;
		};
/* End PBXContainerItemProxy section */

/* Begin PBXFileReference section */
		0108BE122D17A2C900595C80 /* FavoritesViewController.swift */ = {isa = PBXFileReference; lastKnownFileType = sourcecode.swift; path = FavoritesViewController.swift; sourceTree = "<group>"; };
		0108BE432D17B90500595C80 /* ProfileNetworkServiceProtocol.swift */ = {isa = PBXFileReference; lastKnownFileType = sourcecode.swift; path = ProfileNetworkServiceProtocol.swift; sourceTree = "<group>"; };
		0108BE452D17B97200595C80 /* ProfileNetworkService.swift */ = {isa = PBXFileReference; lastKnownFileType = sourcecode.swift; path = ProfileNetworkService.swift; sourceTree = "<group>"; };
		0108BE472D17B9BB00595C80 /* ProfileRequest.swift */ = {isa = PBXFileReference; lastKnownFileType = sourcecode.swift; path = ProfileRequest.swift; sourceTree = "<group>"; };
		0108BE492D17B9E800595C80 /* UpdateProfileRequest.swift */ = {isa = PBXFileReference; lastKnownFileType = sourcecode.swift; path = UpdateProfileRequest.swift; sourceTree = "<group>"; };
		0108BE772D189ACA00595C80 /* EditProfileViewModel.swift */ = {isa = PBXFileReference; lastKnownFileType = sourcecode.swift; path = EditProfileViewModel.swift; sourceTree = "<group>"; };
		012773B92D1646EC005B656F /* EditProfileViewController.swift */ = {isa = PBXFileReference; lastKnownFileType = sourcecode.swift; path = EditProfileViewController.swift; sourceTree = "<group>"; };
		012773F32D164E2E005B656F /* ProfileWebViewController.swift */ = {isa = PBXFileReference; lastKnownFileType = sourcecode.swift; path = ProfileWebViewController.swift; sourceTree = "<group>"; };
		012773FD2D165086005B656F /* ProfileWebViewModel.swift */ = {isa = PBXFileReference; lastKnownFileType = sourcecode.swift; path = ProfileWebViewModel.swift; sourceTree = "<group>"; };
		014F66362D309D6700DDE941 /* FavoritesViewModel.swift */ = {isa = PBXFileReference; lastKnownFileType = sourcecode.swift; path = FavoritesViewModel.swift; sourceTree = "<group>"; };
		014F66522D3127B600DDE941 /* NftTableViewCell.swift */ = {isa = PBXFileReference; lastKnownFileType = sourcecode.swift; path = NftTableViewCell.swift; sourceTree = "<group>"; };
		014F665A2D312BCD00DDE941 /* NftCollectionViewCell.swift */ = {isa = PBXFileReference; lastKnownFileType = sourcecode.swift; path = NftCollectionViewCell.swift; sourceTree = "<group>"; };
		014F668B2D31386E00DDE941 /* FavouritesService.swift */ = {isa = PBXFileReference; lastKnownFileType = sourcecode.swift; path = FavouritesService.swift; sourceTree = "<group>"; };
		014F66CB2D315D9C00DDE941 /* FavouritesRequest.swift */ = {isa = PBXFileReference; lastKnownFileType = sourcecode.swift; path = FavouritesRequest.swift; sourceTree = "<group>"; };
		0170DE0D2D163CDE00D14A11 /* ProfileLinkTableViewCell.swift */ = {isa = PBXFileReference; lastKnownFileType = sourcecode.swift; path = ProfileLinkTableViewCell.swift; sourceTree = "<group>"; };
		0170DE0F2D163E3F00D14A11 /* MyNftViewController.swift */ = {isa = PBXFileReference; lastKnownFileType = sourcecode.swift; path = MyNftViewController.swift; sourceTree = "<group>"; };
		0170DE1B2D1640B900D14A11 /* ProfileTableItem.swift */ = {isa = PBXFileReference; lastKnownFileType = sourcecode.swift; path = ProfileTableItem.swift; sourceTree = "<group>"; };
		0170DE1E2D16411600D14A11 /* ProfileViewModel.swift */ = {isa = PBXFileReference; lastKnownFileType = sourcecode.swift; path = ProfileViewModel.swift; sourceTree = "<group>"; };
		01871FF62D10E2AF00800E57 /* PrimaryButton.swift */ = {isa = PBXFileReference; lastKnownFileType = sourcecode.swift; path = PrimaryButton.swift; sourceTree = "<group>"; };
		01871FF82D10E2CC00800E57 /* SecondaryButton.swift */ = {isa = PBXFileReference; lastKnownFileType = sourcecode.swift; path = SecondaryButton.swift; sourceTree = "<group>"; };
		01A8FE712D3555F200833278 /* FavouritesNFTIDRequest.swift */ = {isa = PBXFileReference; lastKnownFileType = sourcecode.swift; path = FavouritesNFTIDRequest.swift; sourceTree = "<group>"; };
		01A8FE7B2D35577700833278 /* ProfileNFT.swift */ = {isa = PBXFileReference; lastKnownFileType = sourcecode.swift; path = ProfileNFT.swift; sourceTree = "<group>"; };
		01C0F3E72D1CE4F800D77566 /* MyNFTViewModelProtocol.swift */ = {isa = PBXFileReference; lastKnownFileType = sourcecode.swift; path = MyNFTViewModelProtocol.swift; sourceTree = "<group>"; };
		01C0F3E92D1CE51600D77566 /* MyNFTViewModel.swift */ = {isa = PBXFileReference; lastKnownFileType = sourcecode.swift; path = MyNFTViewModel.swift; sourceTree = "<group>"; };
		01C0F4AD2D1F032E00D77566 /* MyNFTService.swift */ = {isa = PBXFileReference; lastKnownFileType = sourcecode.swift; path = MyNFTService.swift; sourceTree = "<group>"; };
		01C0F4B12D1F056700D77566 /* MyNFTModel.swift */ = {isa = PBXFileReference; lastKnownFileType = sourcecode.swift; path = MyNFTModel.swift; sourceTree = "<group>"; };
		01C35CD72D1F080400EDC67A /* MyNFTRequest.swift */ = {isa = PBXFileReference; lastKnownFileType = sourcecode.swift; path = MyNFTRequest.swift; sourceTree = "<group>"; };
		0C79EE602A76DCD600EE90EA /* NftByIdRequest.swift */ = {isa = PBXFileReference; lastKnownFileType = sourcecode.swift; path = NftByIdRequest.swift; sourceTree = "<group>"; };
		0C79EE622A76DD1900EE90EA /* RequestConstants.swift */ = {isa = PBXFileReference; lastKnownFileType = sourcecode.swift; path = RequestConstants.swift; sourceTree = "<group>"; };
		0C79EE652A76DDFF00EE90EA /* NftDetailViewController.swift */ = {isa = PBXFileReference; lastKnownFileType = sourcecode.swift; path = NftDetailViewController.swift; sourceTree = "<group>"; };
		0C79EE672A76DE0900EE90EA /* NftDetailPresenter.swift */ = {isa = PBXFileReference; lastKnownFileType = sourcecode.swift; path = NftDetailPresenter.swift; sourceTree = "<group>"; };
		0C79EE692A76DE1000EE90EA /* NftDetailAssembly.swift */ = {isa = PBXFileReference; lastKnownFileType = sourcecode.swift; path = NftDetailAssembly.swift; sourceTree = "<group>"; };
		0C79EE6B2A76DE2E00EE90EA /* ServicesAssemly.swift */ = {isa = PBXFileReference; lastKnownFileType = sourcecode.swift; path = ServicesAssemly.swift; sourceTree = "<group>"; };
		0CF2C2DA2A783C1B00FDC837 /* LoadingView.swift */ = {isa = PBXFileReference; lastKnownFileType = sourcecode.swift; path = LoadingView.swift; sourceTree = "<group>"; };
		0CF2C2DC2A783CE600FDC837 /* ErrorView.swift */ = {isa = PBXFileReference; lastKnownFileType = sourcecode.swift; path = ErrorView.swift; sourceTree = "<group>"; };
		0CF2C2E02A784C7000FDC837 /* LinePageControl.swift */ = {isa = PBXFileReference; lastKnownFileType = sourcecode.swift; path = LinePageControl.swift; sourceTree = "<group>"; };
		0CFCB7412A78013E0009A829 /* Nft.swift */ = {isa = PBXFileReference; lastKnownFileType = sourcecode.swift; path = Nft.swift; sourceTree = "<group>"; };
		0CFCB7432A7802440009A829 /* NftDetailInput.swift */ = {isa = PBXFileReference; lastKnownFileType = sourcecode.swift; path = NftDetailInput.swift; sourceTree = "<group>"; };
		0CFCB7452A78064B0009A829 /* NftDetailCellModel.swift */ = {isa = PBXFileReference; lastKnownFileType = sourcecode.swift; path = NftDetailCellModel.swift; sourceTree = "<group>"; };
		0CFCB74A2A780EA80009A829 /* UIView+Constraints.swift */ = {isa = PBXFileReference; lastKnownFileType = sourcecode.swift; path = "UIView+Constraints.swift"; sourceTree = "<group>"; };
		0CFCB74D2A7817DC0009A829 /* NftStorage.swift */ = {isa = PBXFileReference; lastKnownFileType = sourcecode.swift; path = NftStorage.swift; sourceTree = "<group>"; };
		26250E512D107C20005F5BE3 /* NftCollection.swift */ = {isa = PBXFileReference; lastKnownFileType = sourcecode.swift; path = NftCollection.swift; sourceTree = "<group>"; };
		26250E532D107E53005F5BE3 /* Users.swift */ = {isa = PBXFileReference; lastKnownFileType = sourcecode.swift; path = Users.swift; sourceTree = "<group>"; };
		26250E552D107EB0005F5BE3 /* Profile.swift */ = {isa = PBXFileReference; lastKnownFileType = sourcecode.swift; path = Profile.swift; sourceTree = "<group>"; };
		26250E572D108322005F5BE3 /* Currencies.swift */ = {isa = PBXFileReference; lastKnownFileType = sourcecode.swift; path = Currencies.swift; sourceTree = "<group>"; };
		26250E592D1083BF005F5BE3 /* Order.swift */ = {isa = PBXFileReference; lastKnownFileType = sourcecode.swift; path = Order.swift; sourceTree = "<group>"; };
		26250E5B2D108404005F5BE3 /* OrderPayment.swift */ = {isa = PBXFileReference; lastKnownFileType = sourcecode.swift; path = OrderPayment.swift; sourceTree = "<group>"; };
		266918B12D1B0A7700B9D053 /* StatisticsViewController.swift */ = {isa = PBXFileReference; lastKnownFileType = sourcecode.swift; path = StatisticsViewController.swift; sourceTree = "<group>"; };
		266918B22D1B0A7700B9D053 /* StatisticsViewModel.swift */ = {isa = PBXFileReference; lastKnownFileType = sourcecode.swift; path = StatisticsViewModel.swift; sourceTree = "<group>"; };
		266918B32D1B0A7700B9D053 /* UserCell.swift */ = {isa = PBXFileReference; lastKnownFileType = sourcecode.swift; path = UserCell.swift; sourceTree = "<group>"; };
		266918B52D1B0A7700B9D053 /* UserRequest.swift */ = {isa = PBXFileReference; lastKnownFileType = sourcecode.swift; path = UserRequest.swift; sourceTree = "<group>"; };
		266918B62D1B0A7700B9D053 /* UserService.swift */ = {isa = PBXFileReference; lastKnownFileType = sourcecode.swift; path = UserService.swift; sourceTree = "<group>"; };
		266918C12D1B0ACA00B9D053 /* UserCardViewModel.swift */ = {isa = PBXFileReference; lastKnownFileType = sourcecode.swift; path = UserCardViewModel.swift; sourceTree = "<group>"; };
		266918C32D1B0AD900B9D053 /* UserCardViewController.swift */ = {isa = PBXFileReference; lastKnownFileType = sourcecode.swift; path = UserCardViewController.swift; sourceTree = "<group>"; };
		269F221C2D1DDAAC004B9FD8 /* UserWebViewController.swift */ = {isa = PBXFileReference; lastKnownFileType = sourcecode.swift; path = UserWebViewController.swift; sourceTree = "<group>"; };
		26B8EB932D2EB99900BF8940 /* UserCollectionViewController.swift */ = {isa = PBXFileReference; lastKnownFileType = sourcecode.swift; path = UserCollectionViewController.swift; sourceTree = "<group>"; };
		26B8EB952D2EB9A800BF8940 /* UserCollectionViewModel.swift */ = {isa = PBXFileReference; lastKnownFileType = sourcecode.swift; path = UserCollectionViewModel.swift; sourceTree = "<group>"; };
		26B8EB992D2EC7BC00BF8940 /* StatisticsCollectionViewCell.swift */ = {isa = PBXFileReference; lastKnownFileType = sourcecode.swift; path = StatisticsCollectionViewCell.swift; sourceTree = "<group>"; };
		26B8EB9D2D2ED01200BF8940 /* UserNftRequest.swift */ = {isa = PBXFileReference; lastKnownFileType = sourcecode.swift; path = UserNftRequest.swift; sourceTree = "<group>"; };
		3F478ECE29DB474E00F6D39E /* Colors.swift */ = {isa = PBXFileReference; lastKnownFileType = sourcecode.swift; path = Colors.swift; sourceTree = "<group>"; };
		3F478ED029DB476500F6D39E /* Fonts.swift */ = {isa = PBXFileReference; lastKnownFileType = sourcecode.swift; path = Fonts.swift; sourceTree = "<group>"; };
		3F68069329CBBAF100B4F915 /* FakeNFT.app */ = {isa = PBXFileReference; explicitFileType = wrapper.application; includeInIndex = 0; path = FakeNFT.app; sourceTree = BUILT_PRODUCTS_DIR; };
		3F68069629CBBAF100B4F915 /* AppDelegate.swift */ = {isa = PBXFileReference; lastKnownFileType = sourcecode.swift; path = AppDelegate.swift; sourceTree = "<group>"; };
		3F68069829CBBAF100B4F915 /* SceneDelegate.swift */ = {isa = PBXFileReference; lastKnownFileType = sourcecode.swift; path = SceneDelegate.swift; sourceTree = "<group>"; };
		3F68069A29CBBAF100B4F915 /* ProductDetailsTableViewController.swift */ = {isa = PBXFileReference; lastKnownFileType = sourcecode.swift; path = ProductDetailsTableViewController.swift; sourceTree = "<group>"; };
		3F68069F29CBBAF200B4F915 /* Assets.xcassets */ = {isa = PBXFileReference; lastKnownFileType = folder.assetcatalog; path = Assets.xcassets; sourceTree = "<group>"; };
		3F6806A229CBBAF200B4F915 /* Base */ = {isa = PBXFileReference; lastKnownFileType = file.storyboard; name = Base; path = Base.lproj/LaunchScreen.storyboard; sourceTree = "<group>"; };
		3F6806A429CBBAF200B4F915 /* Info.plist */ = {isa = PBXFileReference; lastKnownFileType = text.plist.xml; path = Info.plist; sourceTree = "<group>"; };
		3F6806A929CBBAF200B4F915 /* FakeNFTTests.xctest */ = {isa = PBXFileReference; explicitFileType = wrapper.cfbundle; includeInIndex = 0; path = FakeNFTTests.xctest; sourceTree = BUILT_PRODUCTS_DIR; };
		3F6806AD29CBBAF200B4F915 /* ExampleUnitTests.swift */ = {isa = PBXFileReference; lastKnownFileType = sourcecode.swift; path = ExampleUnitTests.swift; sourceTree = "<group>"; };
		3F6806B329CBBAF200B4F915 /* FakeNFTUITests.xctest */ = {isa = PBXFileReference; explicitFileType = wrapper.cfbundle; includeInIndex = 0; path = FakeNFTUITests.xctest; sourceTree = BUILT_PRODUCTS_DIR; };
		3F6806B729CBBAF200B4F915 /* FakeNFTUITests.swift */ = {isa = PBXFileReference; lastKnownFileType = sourcecode.swift; path = FakeNFTUITests.swift; sourceTree = "<group>"; };
		3F6806D029CBBE6B00B4F915 /* NetworkClient.swift */ = {isa = PBXFileReference; lastKnownFileType = sourcecode.swift; path = NetworkClient.swift; sourceTree = "<group>"; };
		3F6806D229CBBE9600B4F915 /* NetworkRequest.swift */ = {isa = PBXFileReference; lastKnownFileType = sourcecode.swift; path = NetworkRequest.swift; sourceTree = "<group>"; };
		3F6806D429CBBEC700B4F915 /* NetworkTask.swift */ = {isa = PBXFileReference; lastKnownFileType = sourcecode.swift; path = NetworkTask.swift; sourceTree = "<group>"; };
		3F6806D629CBC50A00B4F915 /* CellsReusingUtils.swift */ = {isa = PBXFileReference; lastKnownFileType = sourcecode.swift; path = CellsReusingUtils.swift; sourceTree = "<group>"; };
		3FC8C38A29D242E90081F015 /* ProductDetailsTableViewCell.swift */ = {isa = PBXFileReference; lastKnownFileType = sourcecode.swift; path = ProductDetailsTableViewCell.swift; sourceTree = "<group>"; };
		3FC8C39229D246BA0081F015 /* DateFormatters+Presets.swift */ = {isa = PBXFileReference; lastKnownFileType = sourcecode.swift; path = "DateFormatters+Presets.swift"; sourceTree = "<group>"; };
		558E39E62C68CE0900FB86AC /* NftService.swift */ = {isa = PBXFileReference; lastKnownFileType = sourcecode.swift; path = NftService.swift; sourceTree = "<group>"; };
		C1008FA22D10608400F990FF /* RatingView.swift */ = {isa = PBXFileReference; lastKnownFileType = sourcecode.swift; path = RatingView.swift; sourceTree = "<group>"; };
		C142EEF42D2F2D5B00462B8A /* AppButton.swift */ = {isa = PBXFileReference; lastKnownFileType = sourcecode.swift; path = AppButton.swift; sourceTree = "<group>"; };
		C1433DA72D0FFC7F00DAEE08 /* .swiftlint.yml */ = {isa = PBXFileReference; lastKnownFileType = text.yaml; path = .swiftlint.yml; sourceTree = "<group>"; };
		C1E19B242D11890900E9E0DE /* NftBaseCell.swift */ = {isa = PBXFileReference; lastKnownFileType = sourcecode.swift; path = NftBaseCell.swift; sourceTree = "<group>"; };
		C1E19B262D118A2A00E9E0DE /* LikeButton.swift */ = {isa = PBXFileReference; lastKnownFileType = sourcecode.swift; path = LikeButton.swift; sourceTree = "<group>"; };
		C1E19B282D118FC200E9E0DE /* CartButton.swift */ = {isa = PBXFileReference; lastKnownFileType = sourcecode.swift; path = CartButton.swift; sourceTree = "<group>"; };
		C1EE26E42D1461FB00096761 /* AlertPresenter.swift */ = {isa = PBXFileReference; lastKnownFileType = sourcecode.swift; path = AlertPresenter.swift; sourceTree = "<group>"; };
		C1EE26E52D1461FB00096761 /* Logger.swift */ = {isa = PBXFileReference; lastKnownFileType = sourcecode.swift; path = Logger.swift; sourceTree = "<group>"; };
		C1EE26E92D14620C00096761 /* NftCollectionStorage.swift */ = {isa = PBXFileReference; lastKnownFileType = sourcecode.swift; path = NftCollectionStorage.swift; sourceTree = "<group>"; };
		C1EE26F12D14627300096761 /* NftCollectionsRequest.swift */ = {isa = PBXFileReference; lastKnownFileType = sourcecode.swift; path = NftCollectionsRequest.swift; sourceTree = "<group>"; };
		C1EE27052D146B8400096761 /* NftCollectionService.swift */ = {isa = PBXFileReference; lastKnownFileType = sourcecode.swift; path = NftCollectionService.swift; sourceTree = "<group>"; };
		C1EE271A2D1483E900096761 /* CollectionListAssembly.swift */ = {isa = PBXFileReference; lastKnownFileType = sourcecode.swift; path = CollectionListAssembly.swift; sourceTree = "<group>"; };
		C1EE271B2D1483E900096761 /* CollectionListTableCellModel.swift */ = {isa = PBXFileReference; lastKnownFileType = sourcecode.swift; path = CollectionListTableCellModel.swift; sourceTree = "<group>"; };
		C1EE271C2D1483E900096761 /* CollectionListViewController.swift */ = {isa = PBXFileReference; lastKnownFileType = sourcecode.swift; path = CollectionListViewController.swift; sourceTree = "<group>"; };
		C1EE271D2D1483E900096761 /* CollectionListViewModel.swift */ = {isa = PBXFileReference; lastKnownFileType = sourcecode.swift; path = CollectionListViewModel.swift; sourceTree = "<group>"; };
		C1EE273C2D14878A00096761 /* CollectionListTableCell.swift */ = {isa = PBXFileReference; lastKnownFileType = sourcecode.swift; path = CollectionListTableCell.swift; sourceTree = "<group>"; };
		E19CD5AA2A98B56600CA39A5 /* NftImageCollectionViewCell.swift */ = {isa = PBXFileReference; lastKnownFileType = sourcecode.swift; path = NftImageCollectionViewCell.swift; sourceTree = "<group>"; };
		E1A1B9D92AA01CE400C3AFBC /* TabBarController.swift */ = {isa = PBXFileReference; lastKnownFileType = sourcecode.swift; path = TabBarController.swift; sourceTree = "<group>"; };
		E1CD40D92A96BE7D00BE7FE8 /* ru */ = {isa = PBXFileReference; lastKnownFileType = text.plist.strings; name = ru; path = ru.lproj/LaunchScreen.strings; sourceTree = "<group>"; };
		F02A70DC2D2DD75B00D897B7 /* OnboardingSlide.swift */ = {isa = PBXFileReference; lastKnownFileType = sourcecode.swift; path = OnboardingSlide.swift; sourceTree = "<group>"; };
		F02A70DE2D2DD82C00D897B7 /* OnboardingViewModel.swift */ = {isa = PBXFileReference; lastKnownFileType = sourcecode.swift; path = OnboardingViewModel.swift; sourceTree = "<group>"; };
		F02A70E22D2DD87800D897B7 /* OnboardingPageViewController.swift */ = {isa = PBXFileReference; lastKnownFileType = sourcecode.swift; path = OnboardingPageViewController.swift; sourceTree = "<group>"; };
		F02A714C2D2DF09100D897B7 /* OnboardingContentViewController.swift */ = {isa = PBXFileReference; lastKnownFileType = sourcecode.swift; path = OnboardingContentViewController.swift; sourceTree = "<group>"; };
		F02A71F92D2FC8AA00D897B7 /* SplashViewModel.swift */ = {isa = PBXFileReference; lastKnownFileType = sourcecode.swift; path = SplashViewModel.swift; sourceTree = "<group>"; };
		F02A72502D30383400D897B7 /* SplashViewController.swift */ = {isa = PBXFileReference; lastKnownFileType = sourcecode.swift; path = SplashViewController.swift; sourceTree = "<group>"; };
		F037964B2D161EC400391D5D /* DeleteConfirmationViewController.swift */ = {isa = PBXFileReference; lastKnownFileType = sourcecode.swift; path = DeleteConfirmationViewController.swift; sourceTree = "<group>"; };
		F037964D2D161EDC00391D5D /* DeleteConfirmationViewModel.swift */ = {isa = PBXFileReference; lastKnownFileType = sourcecode.swift; path = DeleteConfirmationViewModel.swift; sourceTree = "<group>"; };
		F03796932D1722FA00391D5D /* CurrenciesRequest.swift */ = {isa = PBXFileReference; lastKnownFileType = sourcecode.swift; path = CurrenciesRequest.swift; sourceTree = "<group>"; };
		F03796952D17235500391D5D /* CurrenciesService.swift */ = {isa = PBXFileReference; lastKnownFileType = sourcecode.swift; path = CurrenciesService.swift; sourceTree = "<group>"; };
		F03796C82D189E8C00391D5D /* PaymentSelectionViewController.swift */ = {isa = PBXFileReference; lastKnownFileType = sourcecode.swift; path = PaymentSelectionViewController.swift; sourceTree = "<group>"; };
		F03796CA2D189FDC00391D5D /* PaymentSelectionViewModel.swift */ = {isa = PBXFileReference; lastKnownFileType = sourcecode.swift; path = PaymentSelectionViewModel.swift; sourceTree = "<group>"; };
		F03796CC2D189FEE00391D5D /* PaymentCell.swift */ = {isa = PBXFileReference; lastKnownFileType = sourcecode.swift; path = PaymentCell.swift; sourceTree = "<group>"; };
		F037973F2D18CCFE00391D5D /* SuccessModel.swift */ = {isa = PBXFileReference; lastKnownFileType = sourcecode.swift; path = SuccessModel.swift; sourceTree = "<group>"; };
		F03797412D18CD1900391D5D /* SuccessViewModel.swift */ = {isa = PBXFileReference; lastKnownFileType = sourcecode.swift; path = SuccessViewModel.swift; sourceTree = "<group>"; };
		F03797432D18CD2500391D5D /* SuccessViewController.swift */ = {isa = PBXFileReference; lastKnownFileType = sourcecode.swift; path = SuccessViewController.swift; sourceTree = "<group>"; };
		F03797892D19CE4800391D5D /* WebViewController.swift */ = {isa = PBXFileReference; lastKnownFileType = sourcecode.swift; path = WebViewController.swift; sourceTree = "<group>"; };
		F03797EB2D22DAE700391D5D /* OrderPutService.swift */ = {isa = PBXFileReference; lastKnownFileType = sourcecode.swift; path = OrderPutService.swift; sourceTree = "<group>"; };
		F03797ED2D22DB4000391D5D /* OrderService.swift */ = {isa = PBXFileReference; lastKnownFileType = sourcecode.swift; path = OrderService.swift; sourceTree = "<group>"; };
		F03797EF2D22DB5B00391D5D /* OrderPutRequest.swift */ = {isa = PBXFileReference; lastKnownFileType = sourcecode.swift; path = OrderPutRequest.swift; sourceTree = "<group>"; };
		F03797F12D22DB7B00391D5D /* OrderRequest.swift */ = {isa = PBXFileReference; lastKnownFileType = sourcecode.swift; path = OrderRequest.swift; sourceTree = "<group>"; };
		F037983B2D2404FC00391D5D /* ImageLoader.swift */ = {isa = PBXFileReference; lastKnownFileType = sourcecode.swift; path = ImageLoader.swift; sourceTree = "<group>"; };
		F03798552D27EC9700391D5D /* SetCurrencyRequest.swift */ = {isa = PBXFileReference; lastKnownFileType = sourcecode.swift; path = SetCurrencyRequest.swift; sourceTree = "<group>"; };
		F03798572D27ED5600391D5D /* SetCurrency.swift */ = {isa = PBXFileReference; lastKnownFileType = sourcecode.swift; path = SetCurrency.swift; sourceTree = "<group>"; };
		F091F7E42D1384830060D731 /* CartItem.swift */ = {isa = PBXFileReference; lastKnownFileType = sourcecode.swift; path = CartItem.swift; sourceTree = "<group>"; };
		F091F7E62D1385380060D731 /* CartViewModel.swift */ = {isa = PBXFileReference; lastKnownFileType = sourcecode.swift; path = CartViewModel.swift; sourceTree = "<group>"; };
		F0BB21992D0E3551009A2305 /* Localizable.xcstrings */ = {isa = PBXFileReference; lastKnownFileType = text.json.xcstrings; path = Localizable.xcstrings; sourceTree = "<group>"; };
		F0BB21A52D0F29AF009A2305 /* CartViewController.swift */ = {isa = PBXFileReference; lastKnownFileType = sourcecode.swift; path = CartViewController.swift; sourceTree = "<group>"; };
		F0BB21A72D0F29BC009A2305 /* ProfileViewController.swift */ = {isa = PBXFileReference; lastKnownFileType = sourcecode.swift; path = ProfileViewController.swift; sourceTree = "<group>"; };
		F0BB21A92D0F2F66009A2305 /* TabBarFactory.swift */ = {isa = PBXFileReference; lastKnownFileType = sourcecode.swift; path = TabBarFactory.swift; sourceTree = "<group>"; };
/* End PBXFileReference section */

/* Begin PBXFrameworksBuildPhase section */
		3F68069029CBBAF100B4F915 /* Frameworks */ = {
			isa = PBXFrameworksBuildPhase;
			buildActionMask = 2147483647;
			files = (
				3F603CD029DB4A74000C43D7 /* Kingfisher in Frameworks */,
				C1008F992D101B8900F990FF /* SnapKit in Frameworks */,
				C1008F962D101B7400F990FF /* Then in Frameworks */,
				3F603CCD29DB4A53000C43D7 /* ProgressHUD in Frameworks */,
			);
			runOnlyForDeploymentPostprocessing = 0;
		};
		3F6806A629CBBAF200B4F915 /* Frameworks */ = {
			isa = PBXFrameworksBuildPhase;
			buildActionMask = 2147483647;
			files = (
			);
			runOnlyForDeploymentPostprocessing = 0;
		};
		3F6806B029CBBAF200B4F915 /* Frameworks */ = {
			isa = PBXFrameworksBuildPhase;
			buildActionMask = 2147483647;
			files = (
			);
			runOnlyForDeploymentPostprocessing = 0;
		};
/* End PBXFrameworksBuildPhase section */

/* Begin PBXGroup section */
		0108BE422D17B8E000595C80 /* ProfileNetwork */ = {
			isa = PBXGroup;
			children = (
				0108BE432D17B90500595C80 /* ProfileNetworkServiceProtocol.swift */,
				0108BE452D17B97200595C80 /* ProfileNetworkService.swift */,
				0108BE472D17B9BB00595C80 /* ProfileRequest.swift */,
				0108BE492D17B9E800595C80 /* UpdateProfileRequest.swift */,
			);
			path = ProfileNetwork;
			sourceTree = "<group>";
		};
		0108BE752D189A8300595C80 /* View */ = {
			isa = PBXGroup;
			children = (
				012773B92D1646EC005B656F /* EditProfileViewController.swift */,
			);
			path = View;
			sourceTree = "<group>";
		};
		0108BE762D189A9600595C80 /* ViewModel */ = {
			isa = PBXGroup;
			children = (
				0108BE772D189ACA00595C80 /* EditProfileViewModel.swift */,
			);
			path = ViewModel;
			sourceTree = "<group>";
		};
		0108BF3A2D19FFD800595C80 /* Decomposition */ = {
			isa = PBXGroup;
			children = (
			);
			path = Decomposition;
			sourceTree = "<group>";
		};
		012773B02D1641AB005B656F /* View */ = {
			isa = PBXGroup;
			children = (
				F0BB21A72D0F29BC009A2305 /* ProfileViewController.swift */,
				0170DE0D2D163CDE00D14A11 /* ProfileLinkTableViewCell.swift */,
			);
			path = View;
			sourceTree = "<group>";
		};
		012773F12D164D83005B656F /* EditProfile Page */ = {
			isa = PBXGroup;
			children = (
				0108BE762D189A9600595C80 /* ViewModel */,
				0108BE752D189A8300595C80 /* View */,
			);
			path = "EditProfile Page";
			sourceTree = "<group>";
		};
		012773F22D164DB0005B656F /* WebViewController */ = {
			isa = PBXGroup;
			children = (
				012773F32D164E2E005B656F /* ProfileWebViewController.swift */,
				012773FD2D165086005B656F /* ProfileWebViewModel.swift */,
			);
			path = WebViewController;
			sourceTree = "<group>";
		};
		014F66132D30930D00DDE941 /* Favorites Page */ = {
			isa = PBXGroup;
			children = (
				014F668A2D31384300DDE941 /* FavoritesNetwork */,
				014F66152D30933F00DDE941 /* ViewModel */,
				014F66142D30933000DDE941 /* View */,
			);
			path = "Favorites Page";
			sourceTree = "<group>";
		};
		014F66142D30933000DDE941 /* View */ = {
			isa = PBXGroup;
			children = (
				0108BE122D17A2C900595C80 /* FavoritesViewController.swift */,
			);
			path = View;
			sourceTree = "<group>";
		};
		014F66152D30933F00DDE941 /* ViewModel */ = {
			isa = PBXGroup;
			children = (
				014F66362D309D6700DDE941 /* FavoritesViewModel.swift */,
			);
			path = ViewModel;
			sourceTree = "<group>";
		};
		014F668A2D31384300DDE941 /* FavoritesNetwork */ = {
			isa = PBXGroup;
			children = (
				014F668B2D31386E00DDE941 /* FavouritesService.swift */,
				014F66CB2D315D9C00DDE941 /* FavouritesRequest.swift */,
				01A8FE712D3555F200833278 /* FavouritesNFTIDRequest.swift */,
			);
			path = FavoritesNetwork;
			sourceTree = "<group>";
		};
		0170DE192D16404800D14A11 /* Profile Page */ = {
			isa = PBXGroup;
			children = (
				0170DE1A2D1640AE00D14A11 /* Model */,
				0170DE1D2D1640F800D14A11 /* ViewModel */,
				012773B02D1641AB005B656F /* View */,
			);
			path = "Profile Page";
			sourceTree = "<group>";
		};
		0170DE1A2D1640AE00D14A11 /* Model */ = {
			isa = PBXGroup;
			children = (
				0170DE1B2D1640B900D14A11 /* ProfileTableItem.swift */,
			);
			path = Model;
			sourceTree = "<group>";
		};
		0170DE1D2D1640F800D14A11 /* ViewModel */ = {
			isa = PBXGroup;
			children = (
				0170DE1E2D16411600D14A11 /* ProfileViewModel.swift */,
			);
			path = ViewModel;
			sourceTree = "<group>";
		};
		01871FF52D10E29D00800E57 /* Buttons */ = {
			isa = PBXGroup;
			children = (
				01871FF62D10E2AF00800E57 /* PrimaryButton.swift */,
				01871FF82D10E2CC00800E57 /* SecondaryButton.swift */,
			);
			path = Buttons;
			sourceTree = "<group>";
		};
		01C0F3E42D1CE30000D77566 /* MyNFT Page */ = {
			isa = PBXGroup;
			children = (
				01C0F4AC2D1F030C00D77566 /* MyNFTNetwork */,
				01C0F4552D1E5DF700D77566 /* Model */,
				01C0F3E62D1CE35000D77566 /* ViewModel */,
				01C0F3E52D1CE32100D77566 /* View */,
			);
			path = "MyNFT Page";
			sourceTree = "<group>";
		};
		01C0F3E52D1CE32100D77566 /* View */ = {
			isa = PBXGroup;
			children = (
				0170DE0F2D163E3F00D14A11 /* MyNftViewController.swift */,
			);
			path = View;
			sourceTree = "<group>";
		};
		01C0F3E62D1CE35000D77566 /* ViewModel */ = {
			isa = PBXGroup;
			children = (
				01C0F3E72D1CE4F800D77566 /* MyNFTViewModelProtocol.swift */,
				01C0F3E92D1CE51600D77566 /* MyNFTViewModel.swift */,
			);
			path = ViewModel;
			sourceTree = "<group>";
		};
		01C0F4552D1E5DF700D77566 /* Model */ = {
			isa = PBXGroup;
			children = (
				01A8FE7B2D35577700833278 /* ProfileNFT.swift */,
				01C0F4B12D1F056700D77566 /* MyNFTModel.swift */,
			);
			path = Model;
			sourceTree = "<group>";
		};
		01C0F4AC2D1F030C00D77566 /* MyNFTNetwork */ = {
			isa = PBXGroup;
			children = (
				01C0F4AD2D1F032E00D77566 /* MyNFTService.swift */,
				01C35CD72D1F080400EDC67A /* MyNFTRequest.swift */,
			);
			path = MyNFTNetwork;
			sourceTree = "<group>";
		};
		0C79EE642A76DDCF00EE90EA /* NftDetails */ = {
			isa = PBXGroup;
			children = (
				E19CD5A92A98B55900CA39A5 /* Cell */,
				0C79EE652A76DDFF00EE90EA /* NftDetailViewController.swift */,
				0C79EE672A76DE0900EE90EA /* NftDetailPresenter.swift */,
				0C79EE692A76DE1000EE90EA /* NftDetailAssembly.swift */,
				0CFCB7432A7802440009A829 /* NftDetailInput.swift */,
			);
			path = NftDetails;
			sourceTree = "<group>";
		};
		0CF2C2D92A783C1600FDC837 /* Common */ = {
			isa = PBXGroup;
			children = (
				0CF2C2DF2A784C5600FDC837 /* Views */,
				0CF2C2DE2A784C4C00FDC837 /* Protocols */,
			);
			path = Common;
			sourceTree = "<group>";
		};
		0CF2C2DE2A784C4C00FDC837 /* Protocols */ = {
			isa = PBXGroup;
			children = (
				0CF2C2DA2A783C1B00FDC837 /* LoadingView.swift */,
				0CF2C2DC2A783CE600FDC837 /* ErrorView.swift */,
			);
			path = Protocols;
			sourceTree = "<group>";
		};
		0CF2C2DF2A784C5600FDC837 /* Views */ = {
			isa = PBXGroup;
			children = (
				C142EEF42D2F2D5B00462B8A /* AppButton.swift */,
				C1E107312D213C60001698FB /* NftBaseCell.swift */,
				C1E107322D213C60001698FB /* NftCollectionViewCell.swift */,
				C1008FA22D10608400F990FF /* RatingView.swift */,
				C1E19B242D11890900E9E0DE /* NftBaseCell.swift */,
				014F66522D3127B600DDE941 /* NftTableViewCell.swift */,
				014F665A2D312BCD00DDE941 /* NftCollectionViewCell.swift */,
				C1E19B262D118A2A00E9E0DE /* LikeButton.swift */,
				C1E19B282D118FC200E9E0DE /* CartButton.swift */,
				0CF2C2E02A784C7000FDC837 /* LinePageControl.swift */,
			);
			path = Views;
			sourceTree = "<group>";
		};
		0CFCB7472A7808870009A829 /* Catalog */ = {
			isa = PBXGroup;
			children = (
				C1BF5E1A2D2BFF9C007EB677 /* NftDetails */,
				C1E106D02D1EF7EB001698FB /* CollectionDetails */,
				C1EE271E2D1483E900096761 /* CollectionList */,
			);
			path = Catalog;
			sourceTree = "<group>";
		};
		0CFCB74C2A7817C30009A829 /* MemoryStorage */ = {
			isa = PBXGroup;
			children = (
				C1EE26E92D14620C00096761 /* NftCollectionStorage.swift */,
				0CFCB74D2A7817DC0009A829 /* NftStorage.swift */,
			);
			path = MemoryStorage;
			sourceTree = "<group>";
		};
		266918B42D1B0A7700B9D053 /* StatisticsScreen */ = {
			isa = PBXGroup;
			children = (
				266918B12D1B0A7700B9D053 /* StatisticsViewController.swift */,
				266918B22D1B0A7700B9D053 /* StatisticsViewModel.swift */,
				266918B32D1B0A7700B9D053 /* UserCell.swift */,
			);
			path = StatisticsScreen;
			sourceTree = "<group>";
		};
		266918B72D1B0A7700B9D053 /* StatisticsService */ = {
			isa = PBXGroup;
			children = (
				266918B52D1B0A7700B9D053 /* UserRequest.swift */,
				266918B62D1B0A7700B9D053 /* UserService.swift */,
				26B8EB9D2D2ED01200BF8940 /* UserNftRequest.swift */,
			);
			path = StatisticsService;
			sourceTree = "<group>";
		};
		266918B82D1B0A7700B9D053 /* UserCollectionScreen */ = {
			isa = PBXGroup;
			children = (
				26B8EB932D2EB99900BF8940 /* UserCollectionViewController.swift */,
				26B8EB952D2EB9A800BF8940 /* UserCollectionViewModel.swift */,
				26B8EB992D2EC7BC00BF8940 /* StatisticsCollectionViewCell.swift */,
			);
			path = UserCollectionScreen;
			sourceTree = "<group>";
		};
		266918B92D1B0A7700B9D053 /* Statistics */ = {
			isa = PBXGroup;
			children = (
				266918B72D1B0A7700B9D053 /* StatisticsService */,
				266918B42D1B0A7700B9D053 /* StatisticsScreen */,
				266918BF2D1B0A8100B9D053 /* UserCardScreen */,
				266918B82D1B0A7700B9D053 /* UserCollectionScreen */,
			);
			path = Statistics;
			sourceTree = "<group>";
		};
		266918BF2D1B0A8100B9D053 /* UserCardScreen */ = {
			isa = PBXGroup;
			children = (
				266918C12D1B0ACA00B9D053 /* UserCardViewModel.swift */,
				266918C32D1B0AD900B9D053 /* UserCardViewController.swift */,
				269F221C2D1DDAAC004B9FD8 /* UserWebViewController.swift */,
			);
			path = UserCardScreen;
			sourceTree = "<group>";
		};
		3F478ECD29DB473000F6D39E /* DesignSystem */ = {
			isa = PBXGroup;
			children = (
				01871FF52D10E29D00800E57 /* Buttons */,
				3F478ECE29DB474E00F6D39E /* Colors.swift */,
				3F478ED029DB476500F6D39E /* Fonts.swift */,
			);
			path = DesignSystem;
			sourceTree = "<group>";
		};
		3F68068A29CBBAF100B4F915 = {
			isa = PBXGroup;
			children = (
				0108BF3A2D19FFD800595C80 /* Decomposition */,
				C1433DA72D0FFC7F00DAEE08 /* .swiftlint.yml */,
				3F68069529CBBAF100B4F915 /* FakeNFT */,
				3F6806AC29CBBAF200B4F915 /* FakeNFTTests */,
				3F6806B629CBBAF200B4F915 /* FakeNFTUITests */,
				3F68069429CBBAF100B4F915 /* Products */,
			);
			sourceTree = "<group>";
		};
		3F68069429CBBAF100B4F915 /* Products */ = {
			isa = PBXGroup;
			children = (
				3F68069329CBBAF100B4F915 /* FakeNFT.app */,
				3F6806A929CBBAF200B4F915 /* FakeNFTTests.xctest */,
				3F6806B329CBBAF200B4F915 /* FakeNFTUITests.xctest */,
			);
			name = Products;
			sourceTree = "<group>";
		};
		3F68069529CBBAF100B4F915 /* FakeNFT */ = {
			isa = PBXGroup;
			children = (
				C1EE26E62D1461FB00096761 /* Helpers */,
				3F68069629CBBAF100B4F915 /* AppDelegate.swift */,
				3F68069829CBBAF100B4F915 /* SceneDelegate.swift */,
				E1CD40DA2A96BE9B00BE7FE8 /* Resources */,
				3F478ECD29DB473000F6D39E /* DesignSystem */,
				3F6806CE29CBBD1B00B4F915 /* Foundation */,
				3F6806C929CBBCAF00B4F915 /* Models */,
				3F6806C729CBBC5B00B4F915 /* Scenes */,
				3F6806C629CBBC4E00B4F915 /* Services */,
				3F6806A429CBBAF200B4F915 /* Info.plist */,
			);
			path = FakeNFT;
			sourceTree = "<group>";
		};
		3F6806AC29CBBAF200B4F915 /* FakeNFTTests */ = {
			isa = PBXGroup;
			children = (
				3F6806AD29CBBAF200B4F915 /* ExampleUnitTests.swift */,
			);
			path = FakeNFTTests;
			sourceTree = "<group>";
		};
		3F6806B629CBBAF200B4F915 /* FakeNFTUITests */ = {
			isa = PBXGroup;
			children = (
				3F6806B729CBBAF200B4F915 /* FakeNFTUITests.swift */,
			);
			path = FakeNFTUITests;
			sourceTree = "<group>";
		};
		3F6806C629CBBC4E00B4F915 /* Services */ = {
			isa = PBXGroup;
			children = (
				F03797ED2D22DB4000391D5D /* OrderService.swift */,
				F03797EB2D22DAE700391D5D /* OrderPutService.swift */,
				F03796952D17235500391D5D /* CurrenciesService.swift */,
				3FC8C38F29D245250081F015 /* Requests */,
				0C79EE6B2A76DE2E00EE90EA /* ServicesAssemly.swift */,
				558E39E62C68CE0900FB86AC /* NftService.swift */,
			);
			path = Services;
			sourceTree = "<group>";
		};
		3F6806C729CBBC5B00B4F915 /* Scenes */ = {
			isa = PBXGroup;
			children = (
				266918B92D1B0A7700B9D053 /* Statistics */,
				F02A724D2D3037F700D897B7 /* Splash */,
				F02A70D52D2DD48600D897B7 /* Onboarding */,
				F0BB21A12D0F293E009A2305 /* Cart */,
				F0BB21A02D0F2937009A2305 /* Profile */,
				E1A1B9D82AA01C9700C3AFBC /* TabBar */,
				0CF2C2D92A783C1600FDC837 /* Common */,
				0CFCB7472A7808870009A829 /* Catalog */,
				0C79EE642A76DDCF00EE90EA /* NftDetails */,
				3F6806C829CBBC8100B4F915 /* ProductDetails */,
			);
			path = Scenes;
			sourceTree = "<group>";
		};
		3F6806C829CBBC8100B4F915 /* ProductDetails */ = {
			isa = PBXGroup;
			children = (
				3F68069A29CBBAF100B4F915 /* ProductDetailsTableViewController.swift */,
				3FC8C38A29D242E90081F015 /* ProductDetailsTableViewCell.swift */,
			);
			path = ProductDetails;
			sourceTree = "<group>";
		};
		3F6806C929CBBCAF00B4F915 /* Models */ = {
			isa = PBXGroup;
			children = (
				3F6806D829CC979D00B4F915 /* Network */,
			);
			path = Models;
			sourceTree = "<group>";
		};
		3F6806CE29CBBD1B00B4F915 /* Foundation */ = {
			isa = PBXGroup;
			children = (
				F037983B2D2404FC00391D5D /* ImageLoader.swift */,
				0CFCB74C2A7817C30009A829 /* MemoryStorage */,
				3F6806CF29CBBDB100B4F915 /* NetworkClient */,
				3F6806D629CBC50A00B4F915 /* CellsReusingUtils.swift */,
				3FC8C39229D246BA0081F015 /* DateFormatters+Presets.swift */,
				0CFCB74A2A780EA80009A829 /* UIView+Constraints.swift */,
			);
			path = Foundation;
			sourceTree = "<group>";
		};
		3F6806CF29CBBDB100B4F915 /* NetworkClient */ = {
			isa = PBXGroup;
			children = (
				3F6806D029CBBE6B00B4F915 /* NetworkClient.swift */,
				3F6806D229CBBE9600B4F915 /* NetworkRequest.swift */,
				3F6806D429CBBEC700B4F915 /* NetworkTask.swift */,
			);
			path = NetworkClient;
			sourceTree = "<group>";
		};
		3F6806D829CC979D00B4F915 /* Network */ = {
			isa = PBXGroup;
			children = (
				F03798572D27ED5600391D5D /* SetCurrency.swift */,
				26250E512D107C20005F5BE3 /* NFTCollection.swift */,
				0CFCB7412A78013E0009A829 /* Nft.swift */,
				26250E532D107E53005F5BE3 /* Users.swift */,
				26250E552D107EB0005F5BE3 /* Profile.swift */,
				26250E572D108322005F5BE3 /* Currencies.swift */,
				26250E592D1083BF005F5BE3 /* Order.swift */,
				26250E5B2D108404005F5BE3 /* OrderPayment.swift */,
			);
			path = Network;
			sourceTree = "<group>";
		};
		3FC8C38F29D245250081F015 /* Requests */ = {
			isa = PBXGroup;
			children = (
				F03798552D27EC9700391D5D /* SetCurrencyRequest.swift */,
				F03797F12D22DB7B00391D5D /* OrderRequest.swift */,
				F03797EF2D22DB5B00391D5D /* OrderPutRequest.swift */,
				F03796932D1722FA00391D5D /* CurrenciesRequest.swift */,
				0C79EE622A76DD1900EE90EA /* RequestConstants.swift */,
				0C79EE602A76DCD600EE90EA /* NftByIdRequest.swift */,
			);
			path = Requests;
			sourceTree = "<group>";
		};
		C1BF5E1A2D2BFF9C007EB677 /* NftDetails */ = {
			isa = PBXGroup;
			children = (
				C14BFF082D30007700B662FC /* NftDetailsCurrencyCollectionCell.swift */,
				C1BF5E1C2D2BFFBE007EB677 /* NftDetailsAssembly.swift */,
				C1BF5E1D2D2BFFBE007EB677 /* NftDetailsInput.swift */,
				C1BF5E1E2D2BFFBE007EB677 /* NftDetailsModel.swift */,
				C14BFF002D2FFA7100B662FC /* NftDetailsCurrencyModel.swift */,
				C1BF5E202D2BFFBE007EB677 /* NftDetailsViewController.swift */,
				C1BF5E212D2BFFBE007EB677 /* NftDetailsViewModel.swift */,
			);
			path = NftDetails;
			sourceTree = "<group>";
		};
		C1E106D02D1EF7EB001698FB /* CollectionDetails */ = {
			isa = PBXGroup;
			children = (
				C190276F2D229A1300C8CCFF /* CollectionDetailsTableCellAdditionalModel.swift */,
				C1E106CA2D1EF7EB001698FB /* CollectionDetailsAssembly.swift */,
				C1E106CB2D1EF7EB001698FB /* CollectionDetailsInput.swift */,
				C1E106CC2D1EF7EB001698FB /* CollectionDetailsModel.swift */,
				C1E106CD2D1EF7EB001698FB /* CollectionDetailsTableCellModel.swift */,
				C1E106CE2D1EF7EB001698FB /* CollectionDetailsViewController.swift */,
				C1E106CF2D1EF7EB001698FB /* CollectionDetailsViewModel.swift */,
			);
			path = CollectionDetails;
			sourceTree = "<group>";
		};
		C1EE26E62D1461FB00096761 /* Helpers */ = {
			isa = PBXGroup;
			children = (
				C1EE26E42D1461FB00096761 /* AlertPresenter.swift */,
				C1EE26E52D1461FB00096761 /* Logger.swift */,
			);
			path = Helpers;
			sourceTree = "<group>";
		};
		C1EE271E2D1483E900096761 /* CollectionList */ = {
			isa = PBXGroup;
			children = (
				C1EE273C2D14878A00096761 /* CollectionListTableCell.swift */,
				C1EE271A2D1483E900096761 /* CollectionListAssembly.swift */,
				C1EE271B2D1483E900096761 /* CollectionListTableCellModel.swift */,
				C1EE271C2D1483E900096761 /* CollectionListViewController.swift */,
				C1EE271D2D1483E900096761 /* CollectionListViewModel.swift */,
			);
			path = CollectionList;
			sourceTree = "<group>";
		};
		E19CD5A92A98B55900CA39A5 /* Cell */ = {
			isa = PBXGroup;
			children = (
				0CFCB7452A78064B0009A829 /* NftDetailCellModel.swift */,
				E19CD5AA2A98B56600CA39A5 /* NftImageCollectionViewCell.swift */,
			);
			path = Cell;
			sourceTree = "<group>";
		};
		E1A1B9D82AA01C9700C3AFBC /* TabBar */ = {
			isa = PBXGroup;
			children = (
				F0BB21A92D0F2F66009A2305 /* TabBarFactory.swift */,
				E1A1B9D92AA01CE400C3AFBC /* TabBarController.swift */,
			);
			path = TabBar;
			sourceTree = "<group>";
		};
		E1CD40DA2A96BE9B00BE7FE8 /* Resources */ = {
			isa = PBXGroup;
			children = (
				3F68069F29CBBAF200B4F915 /* Assets.xcassets */,
				F0BB21992D0E3551009A2305 /* Localizable.xcstrings */,
				3F6806A129CBBAF200B4F915 /* LaunchScreen.storyboard */,
			);
			path = Resources;
			sourceTree = "<group>";
		};
		F02A70D52D2DD48600D897B7 /* Onboarding */ = {
			isa = PBXGroup;
			children = (
				F02A714C2D2DF09100D897B7 /* OnboardingContentViewController.swift */,
				F02A70E22D2DD87800D897B7 /* OnboardingPageViewController.swift */,
				F02A70DE2D2DD82C00D897B7 /* OnboardingViewModel.swift */,
				F02A70DC2D2DD75B00D897B7 /* OnboardingSlide.swift */,
			);
			path = Onboarding;
			sourceTree = "<group>";
		};
		F02A724D2D3037F700D897B7 /* Splash */ = {
			isa = PBXGroup;
			children = (
				F02A71F92D2FC8AA00D897B7 /* SplashViewModel.swift */,
				F02A72502D30383400D897B7 /* SplashViewController.swift */,
			);
			path = Splash;
			sourceTree = "<group>";
		};
		F037964A2D161E9000391D5D /* DeletingItemFromCart */ = {
			isa = PBXGroup;
			children = (
				F037964D2D161EDC00391D5D /* DeleteConfirmationViewModel.swift */,
				F037964B2D161EC400391D5D /* DeleteConfirmationViewController.swift */,
			);
			path = DeletingItemFromCart;
			sourceTree = "<group>";
		};
		F03796972D1723E200391D5D /* MainCartScreen */ = {
			isa = PBXGroup;
			children = (
				F091F7E62D1385380060D731 /* CartViewModel.swift */,
				F091F7E42D1384830060D731 /* CartItem.swift */,
				F0BB21A52D0F29AF009A2305 /* CartViewController.swift */,
			);
			path = MainCartScreen;
			sourceTree = "<group>";
		};
		F03796C72D189E6E00391D5D /* PaymentSelection */ = {
			isa = PBXGroup;
			children = (
				F03797892D19CE4800391D5D /* WebViewController.swift */,
				F03796CC2D189FEE00391D5D /* PaymentCell.swift */,
				F03796CA2D189FDC00391D5D /* PaymentSelectionViewModel.swift */,
				F03796C82D189E8C00391D5D /* PaymentSelectionViewController.swift */,
			);
			path = PaymentSelection;
			sourceTree = "<group>";
		};
		F037973E2D18CCE200391D5D /* SuccesfulPayment */ = {
			isa = PBXGroup;
			children = (
				F03797432D18CD2500391D5D /* SuccessViewController.swift */,
				F03797412D18CD1900391D5D /* SuccessViewModel.swift */,
				F037973F2D18CCFE00391D5D /* SuccessModel.swift */,
			);
			path = SuccesfulPayment;
			sourceTree = "<group>";
		};
		F0BB21A02D0F2937009A2305 /* Profile */ = {
			isa = PBXGroup;
			children = (
				014F66132D30930D00DDE941 /* Favorites Page */,
				01C0F3E42D1CE30000D77566 /* MyNFT Page */,
				012773F22D164DB0005B656F /* WebViewController */,
				0108BE422D17B8E000595C80 /* ProfileNetwork */,
				012773F12D164D83005B656F /* EditProfile Page */,
				0170DE192D16404800D14A11 /* Profile Page */,
			);
			path = Profile;
			sourceTree = "<group>";
		};
		F0BB21A12D0F293E009A2305 /* Cart */ = {
			isa = PBXGroup;
			children = (
				F037973E2D18CCE200391D5D /* SuccesfulPayment */,
				F03796C72D189E6E00391D5D /* PaymentSelection */,
				F03796972D1723E200391D5D /* MainCartScreen */,
				F037964A2D161E9000391D5D /* DeletingItemFromCart */,
			);
			path = Cart;
			sourceTree = "<group>";
		};
/* End PBXGroup section */

/* Begin PBXNativeTarget section */
		3F68069229CBBAF100B4F915 /* FakeNFT */ = {
			isa = PBXNativeTarget;
			buildConfigurationList = 3F6806BD29CBBAF200B4F915 /* Build configuration list for PBXNativeTarget "FakeNFT" */;
			buildPhases = (
				3F68068F29CBBAF100B4F915 /* Sources */,
				3F68069029CBBAF100B4F915 /* Frameworks */,
				3F68069129CBBAF100B4F915 /* Resources */,
				C1433DA52D0FFB8200DAEE08 /* Run Script */,
			);
			buildRules = (
			);
			dependencies = (
				C10A0B5B2D11CBA600260F9C /* PBXTargetDependency */,
			);
			name = FakeNFT;
			packageProductDependencies = (
				3F603CCC29DB4A53000C43D7 /* ProgressHUD */,
				3F603CCF29DB4A74000C43D7 /* Kingfisher */,
				C1008F952D101B7400F990FF /* Then */,
				C1008F982D101B8900F990FF /* SnapKit */,
			);
			productName = FakeNFT;
			productReference = 3F68069329CBBAF100B4F915 /* FakeNFT.app */;
			productType = "com.apple.product-type.application";
		};
		3F6806A829CBBAF200B4F915 /* FakeNFTTests */ = {
			isa = PBXNativeTarget;
			buildConfigurationList = 3F6806C029CBBAF200B4F915 /* Build configuration list for PBXNativeTarget "FakeNFTTests" */;
			buildPhases = (
				3F6806A529CBBAF200B4F915 /* Sources */,
				3F6806A629CBBAF200B4F915 /* Frameworks */,
				3F6806A729CBBAF200B4F915 /* Resources */,
			);
			buildRules = (
			);
			dependencies = (
				3F6806AB29CBBAF200B4F915 /* PBXTargetDependency */,
			);
			name = FakeNFTTests;
			productName = FakeNFTTests;
			productReference = 3F6806A929CBBAF200B4F915 /* FakeNFTTests.xctest */;
			productType = "com.apple.product-type.bundle.unit-test";
		};
		3F6806B229CBBAF200B4F915 /* FakeNFTUITests */ = {
			isa = PBXNativeTarget;
			buildConfigurationList = 3F6806C329CBBAF200B4F915 /* Build configuration list for PBXNativeTarget "FakeNFTUITests" */;
			buildPhases = (
				3F6806AF29CBBAF200B4F915 /* Sources */,
				3F6806B029CBBAF200B4F915 /* Frameworks */,
				3F6806B129CBBAF200B4F915 /* Resources */,
			);
			buildRules = (
			);
			dependencies = (
				3F6806B529CBBAF200B4F915 /* PBXTargetDependency */,
			);
			name = FakeNFTUITests;
			productName = FakeNFTUITests;
			productReference = 3F6806B329CBBAF200B4F915 /* FakeNFTUITests.xctest */;
			productType = "com.apple.product-type.bundle.ui-testing";
		};
/* End PBXNativeTarget section */

/* Begin PBXProject section */
		3F68068B29CBBAF100B4F915 /* Project object */ = {
			isa = PBXProject;
			attributes = {
				BuildIndependentTargetsInParallel = 1;
				LastSwiftUpdateCheck = 1420;
				LastUpgradeCheck = 1620;
				TargetAttributes = {
					3F68069229CBBAF100B4F915 = {
						CreatedOnToolsVersion = 14.2;
					};
					3F6806A829CBBAF200B4F915 = {
						CreatedOnToolsVersion = 14.2;
						TestTargetID = 3F68069229CBBAF100B4F915;
					};
					3F6806B229CBBAF200B4F915 = {
						CreatedOnToolsVersion = 14.2;
						TestTargetID = 3F68069229CBBAF100B4F915;
					};
				};
			};
			buildConfigurationList = 3F68068E29CBBAF100B4F915 /* Build configuration list for PBXProject "FakeNFT" */;
			compatibilityVersion = "Xcode 14.0";
			developmentRegion = en;
			hasScannedForEncodings = 0;
			knownRegions = (
				Base,
				ru,
				en,
			);
			mainGroup = 3F68068A29CBBAF100B4F915;
			packageReferences = (
				3F603CCB29DB4A53000C43D7 /* XCRemoteSwiftPackageReference "ProgressHUD" */,
				3F603CCE29DB4A74000C43D7 /* XCRemoteSwiftPackageReference "Kingfisher" */,
				C1008F942D101B7400F990FF /* XCRemoteSwiftPackageReference "Then" */,
				C1008F972D101B8900F990FF /* XCRemoteSwiftPackageReference "SnapKit" */,
				C1E19B472D11C97F00E9E0DE /* XCRemoteSwiftPackageReference "SwiftLintPlugins" */,
				C10A0B592D11CB7900260F9C /* XCRemoteSwiftPackageReference "xcstrings-tool-plugin" */,
			);
			productRefGroup = 3F68069429CBBAF100B4F915 /* Products */;
			projectDirPath = "";
			projectRoot = "";
			targets = (
				3F68069229CBBAF100B4F915 /* FakeNFT */,
				3F6806A829CBBAF200B4F915 /* FakeNFTTests */,
				3F6806B229CBBAF200B4F915 /* FakeNFTUITests */,
			);
		};
/* End PBXProject section */

/* Begin PBXResourcesBuildPhase section */
		3F68069129CBBAF100B4F915 /* Resources */ = {
			isa = PBXResourcesBuildPhase;
			buildActionMask = 2147483647;
			files = (
				F0BB219A2D0E3551009A2305 /* Localizable.xcstrings in Resources */,
				3F6806A329CBBAF200B4F915 /* LaunchScreen.storyboard in Resources */,
				3F6806A029CBBAF200B4F915 /* Assets.xcassets in Resources */,
			);
			runOnlyForDeploymentPostprocessing = 0;
		};
		3F6806A729CBBAF200B4F915 /* Resources */ = {
			isa = PBXResourcesBuildPhase;
			buildActionMask = 2147483647;
			files = (
			);
			runOnlyForDeploymentPostprocessing = 0;
		};
		3F6806B129CBBAF200B4F915 /* Resources */ = {
			isa = PBXResourcesBuildPhase;
			buildActionMask = 2147483647;
			files = (
			);
			runOnlyForDeploymentPostprocessing = 0;
		};
/* End PBXResourcesBuildPhase section */

/* Begin PBXShellScriptBuildPhase section */
		C1433DA52D0FFB8200DAEE08 /* Run Script */ = {
			isa = PBXShellScriptBuildPhase;
			alwaysOutOfDate = 1;
			buildActionMask = 2147483647;
			files = (
			);
			inputFileListPaths = (
			);
			inputPaths = (
			);
			name = "Run Script";
			outputFileListPaths = (
			);
			outputPaths = (
			);
			runOnlyForDeploymentPostprocessing = 0;
			shellPath = /bin/sh;
			shellScript = "SWIFT_PACKAGE_DIR=\"${BUILD_DIR%Build/*}SourcePackages/artifacts\"\nSWIFTLINT_CMD=$(ls \"$SWIFT_PACKAGE_DIR\"/swiftlintplugins/SwiftLintBinary/SwiftLintBinary.artifactbundle/swiftlint-*/bin/swiftlint | head -n 1)\n\nif test -f \"$SWIFTLINT_CMD\" 2>&1\nthen\n    \"$SWIFTLINT_CMD\"\nelse\n    echo \"warning: `swiftlint` command not found - See https://github.com/realm/SwiftLint#installation for installation instructions.\"\nfi\n";
		};
/* End PBXShellScriptBuildPhase section */

/* Begin PBXSourcesBuildPhase section */
		3F68068F29CBBAF100B4F915 /* Sources */ = {
			isa = PBXSourcesBuildPhase;
			buildActionMask = 2147483647;
			files = (
				0108BE442D17B91000595C80 /* ProfileNetworkServiceProtocol.swift in Sources */,
				F0BB21A82D0F29C4009A2305 /* ProfileViewController.swift in Sources */,
				0170DE1C2D1640C400D14A11 /* ProfileTableItem.swift in Sources */,
				01D78F732D3548E400257E79 /* StatisticsCollectionViewCell.swift in Sources */,
				3FC8C38B29D242E90081F015 /* ProductDetailsTableViewCell.swift in Sources */,
				3F478ECF29DB474E00F6D39E /* Colors.swift in Sources */,
				0C79EE662A76DDFF00EE90EA /* NftDetailViewController.swift in Sources */,
				C1EE26E72D1461FB00096761 /* AlertPresenter.swift in Sources */,
				C1EE26E82D1461FB00096761 /* Logger.swift in Sources */,
				E1A1B9DA2AA01CE400C3AFBC /* TabBarController.swift in Sources */,
				F03798582D27ED7A00391D5D /* SetCurrency.swift in Sources */,
				3F478ED129DB476500F6D39E /* Fonts.swift in Sources */,
				F03797442D18CD2E00391D5D /* SuccessViewController.swift in Sources */,
				F091F7E72D1385390060D731 /* CartViewModel.swift in Sources */,
				F091F7E52D1384BF0060D731 /* CartItem.swift in Sources */,
				0C79EE6A2A76DE1000EE90EA /* NftDetailAssembly.swift in Sources */,
				26B8EB9E2D2ED01200BF8940 /* UserNftRequest.swift in Sources */,
				F03796CB2D189FDE00391D5D /* PaymentSelectionViewModel.swift in Sources */,
				01D78F5B2D35476000257E79 /* SplashViewModel.swift in Sources */,
				3FC8C39329D246BA0081F015 /* DateFormatters+Presets.swift in Sources */,
				01D78F652D3547BD00257E79 /* StatisticsViewModel.swift in Sources */,
				F037983C2D2404FC00391D5D /* ImageLoader.swift in Sources */,
				0CFCB7422A78013E0009A829 /* Nft.swift in Sources */,
				01C0F3E82D1CE50100D77566 /* MyNFTViewModelProtocol.swift in Sources */,
				0108BE132D17A2C900595C80 /* FavoritesViewController.swift in Sources */,
				0CF2C2DD2A783CE600FDC837 /* ErrorView.swift in Sources */,
				C1BF5E222D2BFFBE007EB677 /* NftDetailsViewModel.swift in Sources */,
				C1BF5E232D2BFFBE007EB677 /* NftDetailsInput.swift in Sources */,
				C1BF5E242D2BFFBE007EB677 /* NftDetailsModel.swift in Sources */,
				C1BF5E272D2BFFBE007EB677 /* NftDetailsViewController.swift in Sources */,
				C1BF5E282D2BFFBE007EB677 /* NftDetailsAssembly.swift in Sources */,
				C1EE26F22D14627300096761 /* NftCollectionsRequest.swift in Sources */,
				C142EEF52D2F2D5B00462B8A /* AppButton.swift in Sources */,
				0C79EE682A76DE0900EE90EA /* NftDetailPresenter.swift in Sources */,
				014F66532D3127C100DDE941 /* NftTableViewCell.swift in Sources */,
				014F665B2D312BCD00DDE941 /* NftCollectionViewCell.swift in Sources */,
				01A8FE722D35561100833278 /* FavouritesNFTIDRequest.swift in Sources */,
				3F68069B29CBBAF100B4F915 /* ProductDetailsTableViewController.swift in Sources */,
				0170DE1F2D16412300D14A11 /* ProfileViewModel.swift in Sources */,
				014F66CC2D315DAE00DDE941 /* FavouritesRequest.swift in Sources */,
				26250E522D107C25005F5BE3 /* NFTCollection.swift in Sources */,
				26250E5C2D108404005F5BE3 /* OrderPayment.swift in Sources */,
				3F6806D529CBBEC700B4F915 /* NetworkTask.swift in Sources */,
				01D78F6D2D35488600257E79 /* DeleteConfirmationViewModel.swift in Sources */,
				F037964C2D161ECA00391D5D /* DeleteConfirmationViewController.swift in Sources */,
				0CF2C2DB2A783C1B00FDC837 /* LoadingView.swift in Sources */,
				F03797F02D22DB5C00391D5D /* OrderPutRequest.swift in Sources */,
				C1E19B292D118FC200E9E0DE /* CartButton.swift in Sources */,
				01A8FE7C2D35578300833278 /* ProfileNFT.swift in Sources */,
				012773F42D164E3D005B656F /* ProfileWebViewController.swift in Sources */,
				0170DE102D163E4C00D14A11 /* MyNftViewController.swift in Sources */,
				558E39E72C68CE0A00FB86AC /* NftService.swift in Sources */,
				3F68069729CBBAF100B4F915 /* AppDelegate.swift in Sources */,
				F03797402D18CD0300391D5D /* SuccessModel.swift in Sources */,
				01A8FE582D354B9100833278 /* OrderRequest.swift in Sources */,
				26250E562D107EB0005F5BE3 /* Profile.swift in Sources */,
				01D78F6A2D35486A00257E79 /* OnboardingSlide.swift in Sources */,
				01D78F752D35490E00257E79 /* PaymentCell.swift in Sources */,
				F03796942D17230100391D5D /* CurrenciesRequest.swift in Sources */,
				01871FF72D10E2BB00800E57 /* PrimaryButton.swift in Sources */,
				0108BE4A2D17B9F900595C80 /* UpdateProfileRequest.swift in Sources */,
				012773BA2D1646FD005B656F /* EditProfileViewController.swift in Sources */,
				3F68069929CBBAF100B4F915 /* SceneDelegate.swift in Sources */,
				F03798562D27EC9B00391D5D /* SetCurrencyRequest.swift in Sources */,
				01D78F712D3548D500257E79 /* UserWebViewController.swift in Sources */,
				01871FF92D10E2D500800E57 /* SecondaryButton.swift in Sources */,
				01C0F4AE2D1F034100D77566 /* MyNFTService.swift in Sources */,
				0C79EE6C2A76DE2E00EE90EA /* ServicesAssemly.swift in Sources */,
				F02A714D2D2DF09200D897B7 /* OnboardingContentViewController.swift in Sources */,
				0CFCB74E2A7817DC0009A829 /* NftStorage.swift in Sources */,
				0CFCB7462A78064B0009A829 /* NftDetailCellModel.swift in Sources */,
				01D78F472D3545CF00257E79 /* UserService.swift in Sources */,
				01D78F582D35475200257E79 /* SplashViewController.swift in Sources */,
				0108BE462D17B97900595C80 /* ProfileNetworkService.swift in Sources */,
				01C0F3EA2D1CE51E00D77566 /* MyNFTViewModel.swift in Sources */,
				C1E19B252D11890900E9E0DE /* NftBaseCell.swift in Sources */,
				0CFCB74B2A780EA80009A829 /* UIView+Constraints.swift in Sources */,
				3F6806D729CBC50A00B4F915 /* CellsReusingUtils.swift in Sources */,
				01D78F552D35473400257E79 /* SuccessViewModel.swift in Sources */,
				01D78F702D3548C300257E79 /* UserCell.swift in Sources */,
				01D78F722D3548DD00257E79 /* UserCollectionViewController.swift in Sources */,
				01D78F4A2D3545E400257E79 /* UserRequest.swift in Sources */,
				01A8FE4F2D354A7500833278 /* OrderPutService.swift in Sources */,
				01C0F4B22D1F057600D77566 /* MyNFTModel.swift in Sources */,
				0C79EE612A76DCD600EE90EA /* NftByIdRequest.swift in Sources */,
				01CD074F2D3543D500C5F7D5 /* CurrenciesService.swift in Sources */,
				E19CD5AB2A98B56600CA39A5 /* NftImageCollectionViewCell.swift in Sources */,
				0108BE782D189ADA00595C80 /* EditProfileViewModel.swift in Sources */,
				0CF2C2E12A784C7000FDC837 /* LinePageControl.swift in Sources */,
				0170DE0E2D163CF800D14A11 /* ProfileLinkTableViewCell.swift in Sources */,
				C1008FA32D10608400F990FF /* RatingView.swift in Sources */,
				26B8EB962D2EB9A800BF8940 /* UserCollectionViewModel.swift in Sources */,
				F02A70DF2D2DD82D00D897B7 /* OnboardingViewModel.swift in Sources */,
				C1E19B272D118A2A00E9E0DE /* LikeButton.swift in Sources */,
				01D78F5E2D35477700257E79 /* OnboardingPageViewController.swift in Sources */,
				3F6806D329CBBE9600B4F915 /* NetworkRequest.swift in Sources */,
				26250E582D108322005F5BE3 /* Currencies.swift in Sources */,
				26250E5A2D1083BF005F5BE3 /* Order.swift in Sources */,
				01D78F742D35490900257E79 /* WebViewController.swift in Sources */,
				266918C42D1B0AD900B9D053 /* UserCardViewController.swift in Sources */,
				0CFCB7492A7808900009A829 /* CatalogViewController.swift in Sources */,
				3F6806D129CBBE6B00B4F915 /* NetworkClient.swift in Sources */,
				0108BE482D17B9C200595C80 /* ProfileRequest.swift in Sources */,
				F0BB21A62D0F29B7009A2305 /* CartViewController.swift in Sources */,
				F03797EE2D22DB4100391D5D /* OrderService.swift in Sources */,
				01D78F612D35479700257E79 /* UserCardViewModel.swift in Sources */,
				01D78F642D3547B900257E79 /* StatisticsViewController.swift in Sources */,
				0CFCB7442A7802440009A829 /* NftDetailInput.swift in Sources */,
				01D78F762D35491500257E79 /* PaymentSelectionViewController.swift in Sources */,
				014F66372D309D6C00DDE941 /* FavoritesViewModel.swift in Sources */,
				F0BB21AA2D0F2F6A009A2305 /* TabBarFactory.swift in Sources */,
				01C35CD82D1F081B00EDC67A /* MyNFTRequest.swift in Sources */,
				014F668C2D31387C00DDE941 /* FavouritesService.swift in Sources */,
				0C79EE632A76DD1900EE90EA /* RequestConstants.swift in Sources */,
				C190279B2D22B7D200C8CCFF /* OrderPutService.swift in Sources */,
				C190279C2D22B7D200C8CCFF /* OrderService.swift in Sources */,
				26250E542D107E53005F5BE3 /* Users.swift in Sources */,
				012773FE2D16508D005B656F /* ProfileWebViewModel.swift in Sources */,
			);
			runOnlyForDeploymentPostprocessing = 0;
		};
		3F6806A529CBBAF200B4F915 /* Sources */ = {
			isa = PBXSourcesBuildPhase;
			buildActionMask = 2147483647;
			files = (
				3F6806AE29CBBAF200B4F915 /* ExampleUnitTests.swift in Sources */,
			);
			runOnlyForDeploymentPostprocessing = 0;
		};
		3F6806AF29CBBAF200B4F915 /* Sources */ = {
			isa = PBXSourcesBuildPhase;
			buildActionMask = 2147483647;
			files = (
				3F6806B829CBBAF200B4F915 /* FakeNFTUITests.swift in Sources */,
			);
			runOnlyForDeploymentPostprocessing = 0;
		};
/* End PBXSourcesBuildPhase section */

/* Begin PBXTargetDependency section */
		3F6806AB29CBBAF200B4F915 /* PBXTargetDependency */ = {
			isa = PBXTargetDependency;
			target = 3F68069229CBBAF100B4F915 /* FakeNFT */;
			targetProxy = 3F6806AA29CBBAF200B4F915 /* PBXContainerItemProxy */;
		};
		3F6806B529CBBAF200B4F915 /* PBXTargetDependency */ = {
			isa = PBXTargetDependency;
			target = 3F68069229CBBAF100B4F915 /* FakeNFT */;
			targetProxy = 3F6806B429CBBAF200B4F915 /* PBXContainerItemProxy */;
		};
		C10A0B5B2D11CBA600260F9C /* PBXTargetDependency */ = {
			isa = PBXTargetDependency;
			productRef = C10A0B5A2D11CBA600260F9C /* XCStringsToolPlugin */;
		};
/* End PBXTargetDependency section */

/* Begin PBXVariantGroup section */
		3F6806A129CBBAF200B4F915 /* LaunchScreen.storyboard */ = {
			isa = PBXVariantGroup;
			children = (
				3F6806A229CBBAF200B4F915 /* Base */,
				E1CD40D92A96BE7D00BE7FE8 /* ru */,
			);
			name = LaunchScreen.storyboard;
			sourceTree = "<group>";
		};
/* End PBXVariantGroup section */

/* Begin XCBuildConfiguration section */
		3F6806BB29CBBAF200B4F915 /* Debug */ = {
			isa = XCBuildConfiguration;
			buildSettings = {
				ALWAYS_SEARCH_USER_PATHS = NO;
				ASSETCATALOG_COMPILER_GENERATE_SWIFT_ASSET_SYMBOL_EXTENSIONS = YES;
				CLANG_ANALYZER_LOCALIZABILITY_NONLOCALIZED = YES;
				CLANG_ANALYZER_NONNULL = YES;
				CLANG_ANALYZER_NUMBER_OBJECT_CONVERSION = YES_AGGRESSIVE;
				CLANG_CXX_LANGUAGE_STANDARD = "gnu++20";
				CLANG_ENABLE_MODULES = YES;
				CLANG_ENABLE_OBJC_ARC = YES;
				CLANG_ENABLE_OBJC_WEAK = YES;
				CLANG_WARN_BLOCK_CAPTURE_AUTORELEASING = YES;
				CLANG_WARN_BOOL_CONVERSION = YES;
				CLANG_WARN_COMMA = YES;
				CLANG_WARN_CONSTANT_CONVERSION = YES;
				CLANG_WARN_DEPRECATED_OBJC_IMPLEMENTATIONS = YES;
				CLANG_WARN_DIRECT_OBJC_ISA_USAGE = YES_ERROR;
				CLANG_WARN_DOCUMENTATION_COMMENTS = YES;
				CLANG_WARN_EMPTY_BODY = YES;
				CLANG_WARN_ENUM_CONVERSION = YES;
				CLANG_WARN_INFINITE_RECURSION = YES;
				CLANG_WARN_INT_CONVERSION = YES;
				CLANG_WARN_NON_LITERAL_NULL_CONVERSION = YES;
				CLANG_WARN_OBJC_IMPLICIT_RETAIN_SELF = YES;
				CLANG_WARN_OBJC_LITERAL_CONVERSION = YES;
				CLANG_WARN_OBJC_ROOT_CLASS = YES_ERROR;
				CLANG_WARN_QUOTED_INCLUDE_IN_FRAMEWORK_HEADER = YES;
				CLANG_WARN_RANGE_LOOP_ANALYSIS = YES;
				CLANG_WARN_STRICT_PROTOTYPES = YES;
				CLANG_WARN_SUSPICIOUS_MOVE = YES;
				CLANG_WARN_UNGUARDED_AVAILABILITY = YES_AGGRESSIVE;
				CLANG_WARN_UNREACHABLE_CODE = YES;
				CLANG_WARN__DUPLICATE_METHOD_MATCH = YES;
				COPY_PHASE_STRIP = NO;
				DEBUG_INFORMATION_FORMAT = dwarf;
				ENABLE_STRICT_OBJC_MSGSEND = YES;
				ENABLE_TESTABILITY = YES;
				ENABLE_USER_SCRIPT_SANDBOXING = NO;
				GCC_C_LANGUAGE_STANDARD = gnu11;
				GCC_DYNAMIC_NO_PIC = NO;
				GCC_NO_COMMON_BLOCKS = YES;
				GCC_OPTIMIZATION_LEVEL = 0;
				GCC_PREPROCESSOR_DEFINITIONS = (
					"DEBUG=1",
					"$(inherited)",
				);
				GCC_WARN_64_TO_32_BIT_CONVERSION = YES;
				GCC_WARN_ABOUT_RETURN_TYPE = YES_ERROR;
				GCC_WARN_UNDECLARED_SELECTOR = YES;
				GCC_WARN_UNINITIALIZED_AUTOS = YES_AGGRESSIVE;
				GCC_WARN_UNUSED_FUNCTION = YES;
				GCC_WARN_UNUSED_VARIABLE = YES;
				IPHONEOS_DEPLOYMENT_TARGET = 13.0;
				MTL_ENABLE_DEBUG_INFO = INCLUDE_SOURCE;
				MTL_FAST_MATH = YES;
				ONLY_ACTIVE_ARCH = YES;
				SDKROOT = iphoneos;
				SWIFT_ACTIVE_COMPILATION_CONDITIONS = DEBUG;
				SWIFT_OPTIMIZATION_LEVEL = "-Onone";
			};
			name = Debug;
		};
		3F6806BC29CBBAF200B4F915 /* Release */ = {
			isa = XCBuildConfiguration;
			buildSettings = {
				ALWAYS_SEARCH_USER_PATHS = NO;
				ASSETCATALOG_COMPILER_GENERATE_SWIFT_ASSET_SYMBOL_EXTENSIONS = YES;
				CLANG_ANALYZER_LOCALIZABILITY_NONLOCALIZED = YES;
				CLANG_ANALYZER_NONNULL = YES;
				CLANG_ANALYZER_NUMBER_OBJECT_CONVERSION = YES_AGGRESSIVE;
				CLANG_CXX_LANGUAGE_STANDARD = "gnu++20";
				CLANG_ENABLE_MODULES = YES;
				CLANG_ENABLE_OBJC_ARC = YES;
				CLANG_ENABLE_OBJC_WEAK = YES;
				CLANG_WARN_BLOCK_CAPTURE_AUTORELEASING = YES;
				CLANG_WARN_BOOL_CONVERSION = YES;
				CLANG_WARN_COMMA = YES;
				CLANG_WARN_CONSTANT_CONVERSION = YES;
				CLANG_WARN_DEPRECATED_OBJC_IMPLEMENTATIONS = YES;
				CLANG_WARN_DIRECT_OBJC_ISA_USAGE = YES_ERROR;
				CLANG_WARN_DOCUMENTATION_COMMENTS = YES;
				CLANG_WARN_EMPTY_BODY = YES;
				CLANG_WARN_ENUM_CONVERSION = YES;
				CLANG_WARN_INFINITE_RECURSION = YES;
				CLANG_WARN_INT_CONVERSION = YES;
				CLANG_WARN_NON_LITERAL_NULL_CONVERSION = YES;
				CLANG_WARN_OBJC_IMPLICIT_RETAIN_SELF = YES;
				CLANG_WARN_OBJC_LITERAL_CONVERSION = YES;
				CLANG_WARN_OBJC_ROOT_CLASS = YES_ERROR;
				CLANG_WARN_QUOTED_INCLUDE_IN_FRAMEWORK_HEADER = YES;
				CLANG_WARN_RANGE_LOOP_ANALYSIS = YES;
				CLANG_WARN_STRICT_PROTOTYPES = YES;
				CLANG_WARN_SUSPICIOUS_MOVE = YES;
				CLANG_WARN_UNGUARDED_AVAILABILITY = YES_AGGRESSIVE;
				CLANG_WARN_UNREACHABLE_CODE = YES;
				CLANG_WARN__DUPLICATE_METHOD_MATCH = YES;
				COPY_PHASE_STRIP = NO;
				DEBUG_INFORMATION_FORMAT = "dwarf-with-dsym";
				ENABLE_NS_ASSERTIONS = NO;
				ENABLE_STRICT_OBJC_MSGSEND = YES;
				ENABLE_USER_SCRIPT_SANDBOXING = NO;
				GCC_C_LANGUAGE_STANDARD = gnu11;
				GCC_NO_COMMON_BLOCKS = YES;
				GCC_WARN_64_TO_32_BIT_CONVERSION = YES;
				GCC_WARN_ABOUT_RETURN_TYPE = YES_ERROR;
				GCC_WARN_UNDECLARED_SELECTOR = YES;
				GCC_WARN_UNINITIALIZED_AUTOS = YES_AGGRESSIVE;
				GCC_WARN_UNUSED_FUNCTION = YES;
				GCC_WARN_UNUSED_VARIABLE = YES;
				IPHONEOS_DEPLOYMENT_TARGET = 13.0;
				MTL_ENABLE_DEBUG_INFO = NO;
				MTL_FAST_MATH = YES;
				SDKROOT = iphoneos;
				SWIFT_COMPILATION_MODE = wholemodule;
				SWIFT_OPTIMIZATION_LEVEL = "-O";
				VALIDATE_PRODUCT = YES;
			};
			name = Release;
		};
		3F6806BE29CBBAF200B4F915 /* Debug */ = {
			isa = XCBuildConfiguration;
			buildSettings = {
				ASSETCATALOG_COMPILER_APPICON_NAME = AppIcon;
				ASSETCATALOG_COMPILER_GLOBAL_ACCENT_COLOR_NAME = AccentColor;
				CODE_SIGN_IDENTITY = "Apple Development";
				CODE_SIGN_STYLE = Automatic;
				CURRENT_PROJECT_VERSION = 1;
				DEVELOPMENT_TEAM = 7KDZ7J3JZC;
				GENERATE_INFOPLIST_FILE = YES;
				INFOPLIST_FILE = FakeNFT/Info.plist;
				INFOPLIST_KEY_UIApplicationSupportsIndirectInputEvents = YES;
				INFOPLIST_KEY_UILaunchStoryboardName = LaunchScreen;
				INFOPLIST_KEY_UISupportedInterfaceOrientations_iPad = "UIInterfaceOrientationPortrait UIInterfaceOrientationPortraitUpsideDown UIInterfaceOrientationLandscapeLeft UIInterfaceOrientationLandscapeRight";
				INFOPLIST_KEY_UISupportedInterfaceOrientations_iPhone = "UIInterfaceOrientationPortrait UIInterfaceOrientationLandscapeLeft UIInterfaceOrientationLandscapeRight";
				IPHONEOS_DEPLOYMENT_TARGET = 13.0;
				LD_RUNPATH_SEARCH_PATHS = (
					"$(inherited)",
					"@executable_path/Frameworks",
				);
				MARKETING_VERSION = 1.0;
				PRODUCT_BUNDLE_IDENTIFIER = "com.practicum.FakeNFT-";
				PRODUCT_NAME = "$(TARGET_NAME)";
				PROVISIONING_PROFILE_SPECIFIER = "";
				SUPPORTED_PLATFORMS = "iphoneos iphonesimulator";
				SUPPORTS_MACCATALYST = NO;
				SUPPORTS_MAC_DESIGNED_FOR_IPHONE_IPAD = NO;
				SUPPORTS_XR_DESIGNED_FOR_IPHONE_IPAD = NO;
				SWIFT_EMIT_LOC_STRINGS = YES;
				SWIFT_VERSION = 5.0;
				TARGETED_DEVICE_FAMILY = "1,2";
			};
			name = Debug;
		};
		3F6806BF29CBBAF200B4F915 /* Release */ = {
			isa = XCBuildConfiguration;
			buildSettings = {
				ASSETCATALOG_COMPILER_APPICON_NAME = AppIcon;
				ASSETCATALOG_COMPILER_GLOBAL_ACCENT_COLOR_NAME = AccentColor;
				CODE_SIGN_IDENTITY = "Apple Development";
				CODE_SIGN_STYLE = Automatic;
				CURRENT_PROJECT_VERSION = 1;
				DEVELOPMENT_TEAM = 7KDZ7J3JZC;
				GENERATE_INFOPLIST_FILE = YES;
				INFOPLIST_FILE = FakeNFT/Info.plist;
				INFOPLIST_KEY_UIApplicationSupportsIndirectInputEvents = YES;
				INFOPLIST_KEY_UILaunchStoryboardName = LaunchScreen;
				INFOPLIST_KEY_UISupportedInterfaceOrientations_iPad = "UIInterfaceOrientationPortrait UIInterfaceOrientationPortraitUpsideDown UIInterfaceOrientationLandscapeLeft UIInterfaceOrientationLandscapeRight";
				INFOPLIST_KEY_UISupportedInterfaceOrientations_iPhone = "UIInterfaceOrientationPortrait UIInterfaceOrientationLandscapeLeft UIInterfaceOrientationLandscapeRight";
				IPHONEOS_DEPLOYMENT_TARGET = 13.0;
				LD_RUNPATH_SEARCH_PATHS = (
					"$(inherited)",
					"@executable_path/Frameworks",
				);
				MARKETING_VERSION = 1.0;
				PRODUCT_BUNDLE_IDENTIFIER = "com.practicum.FakeNFT-";
				PRODUCT_NAME = "$(TARGET_NAME)";
				PROVISIONING_PROFILE_SPECIFIER = "";
				SUPPORTED_PLATFORMS = "iphoneos iphonesimulator";
				SUPPORTS_MACCATALYST = NO;
				SUPPORTS_MAC_DESIGNED_FOR_IPHONE_IPAD = NO;
				SUPPORTS_XR_DESIGNED_FOR_IPHONE_IPAD = NO;
				SWIFT_EMIT_LOC_STRINGS = YES;
				SWIFT_VERSION = 5.0;
				TARGETED_DEVICE_FAMILY = "1,2";
			};
			name = Release;
		};
		3F6806C129CBBAF200B4F915 /* Debug */ = {
			isa = XCBuildConfiguration;
			buildSettings = {
				BUNDLE_LOADER = "$(TEST_HOST)";
				CODE_SIGN_STYLE = Automatic;
				CURRENT_PROJECT_VERSION = 1;
				GENERATE_INFOPLIST_FILE = YES;
				IPHONEOS_DEPLOYMENT_TARGET = 16.2;
				MARKETING_VERSION = 1.0;
				PRODUCT_BUNDLE_IDENTIFIER = com.practicum.FakeNFTTests;
				PRODUCT_NAME = "$(TARGET_NAME)";
				SWIFT_EMIT_LOC_STRINGS = NO;
				SWIFT_VERSION = 5.0;
				TARGETED_DEVICE_FAMILY = "1,2";
				TEST_HOST = "$(BUILT_PRODUCTS_DIR)/FakeNFT.app/$(BUNDLE_EXECUTABLE_FOLDER_PATH)/FakeNFT";
			};
			name = Debug;
		};
		3F6806C229CBBAF200B4F915 /* Release */ = {
			isa = XCBuildConfiguration;
			buildSettings = {
				BUNDLE_LOADER = "$(TEST_HOST)";
				CODE_SIGN_STYLE = Automatic;
				CURRENT_PROJECT_VERSION = 1;
				GENERATE_INFOPLIST_FILE = YES;
				IPHONEOS_DEPLOYMENT_TARGET = 16.2;
				MARKETING_VERSION = 1.0;
				PRODUCT_BUNDLE_IDENTIFIER = com.practicum.FakeNFTTests;
				PRODUCT_NAME = "$(TARGET_NAME)";
				SWIFT_EMIT_LOC_STRINGS = NO;
				SWIFT_VERSION = 5.0;
				TARGETED_DEVICE_FAMILY = "1,2";
				TEST_HOST = "$(BUILT_PRODUCTS_DIR)/FakeNFT.app/$(BUNDLE_EXECUTABLE_FOLDER_PATH)/FakeNFT";
			};
			name = Release;
		};
		3F6806C429CBBAF200B4F915 /* Debug */ = {
			isa = XCBuildConfiguration;
			buildSettings = {
				CODE_SIGN_STYLE = Automatic;
				CURRENT_PROJECT_VERSION = 1;
				GENERATE_INFOPLIST_FILE = YES;
				MARKETING_VERSION = 1.0;
				PRODUCT_BUNDLE_IDENTIFIER = com.practicum.FakeNFTUITests;
				PRODUCT_NAME = "$(TARGET_NAME)";
				SWIFT_EMIT_LOC_STRINGS = NO;
				SWIFT_VERSION = 5.0;
				TARGETED_DEVICE_FAMILY = "1,2";
				TEST_TARGET_NAME = FakeNFT;
			};
			name = Debug;
		};
		3F6806C529CBBAF200B4F915 /* Release */ = {
			isa = XCBuildConfiguration;
			buildSettings = {
				CODE_SIGN_STYLE = Automatic;
				CURRENT_PROJECT_VERSION = 1;
				GENERATE_INFOPLIST_FILE = YES;
				MARKETING_VERSION = 1.0;
				PRODUCT_BUNDLE_IDENTIFIER = com.practicum.FakeNFTUITests;
				PRODUCT_NAME = "$(TARGET_NAME)";
				SWIFT_EMIT_LOC_STRINGS = NO;
				SWIFT_VERSION = 5.0;
				TARGETED_DEVICE_FAMILY = "1,2";
				TEST_TARGET_NAME = FakeNFT;
			};
			name = Release;
		};
/* End XCBuildConfiguration section */

/* Begin XCConfigurationList section */
		3F68068E29CBBAF100B4F915 /* Build configuration list for PBXProject "FakeNFT" */ = {
			isa = XCConfigurationList;
			buildConfigurations = (
				3F6806BB29CBBAF200B4F915 /* Debug */,
				3F6806BC29CBBAF200B4F915 /* Release */,
			);
			defaultConfigurationIsVisible = 0;
			defaultConfigurationName = Release;
		};
		3F6806BD29CBBAF200B4F915 /* Build configuration list for PBXNativeTarget "FakeNFT" */ = {
			isa = XCConfigurationList;
			buildConfigurations = (
				3F6806BE29CBBAF200B4F915 /* Debug */,
				3F6806BF29CBBAF200B4F915 /* Release */,
			);
			defaultConfigurationIsVisible = 0;
			defaultConfigurationName = Release;
		};
		3F6806C029CBBAF200B4F915 /* Build configuration list for PBXNativeTarget "FakeNFTTests" */ = {
			isa = XCConfigurationList;
			buildConfigurations = (
				3F6806C129CBBAF200B4F915 /* Debug */,
				3F6806C229CBBAF200B4F915 /* Release */,
			);
			defaultConfigurationIsVisible = 0;
			defaultConfigurationName = Release;
		};
		3F6806C329CBBAF200B4F915 /* Build configuration list for PBXNativeTarget "FakeNFTUITests" */ = {
			isa = XCConfigurationList;
			buildConfigurations = (
				3F6806C429CBBAF200B4F915 /* Debug */,
				3F6806C529CBBAF200B4F915 /* Release */,
			);
			defaultConfigurationIsVisible = 0;
			defaultConfigurationName = Release;
		};
/* End XCConfigurationList section */

/* Begin XCRemoteSwiftPackageReference section */
		3F603CCB29DB4A53000C43D7 /* XCRemoteSwiftPackageReference "ProgressHUD" */ = {
			isa = XCRemoteSwiftPackageReference;
			repositoryURL = "https://github.com/relatedcode/ProgressHUD";
			requirement = {
				kind = upToNextMajorVersion;
				minimumVersion = 13.0.0;
			};
		};
		3F603CCE29DB4A74000C43D7 /* XCRemoteSwiftPackageReference "Kingfisher" */ = {
			isa = XCRemoteSwiftPackageReference;
			repositoryURL = "https://github.com/onevcat/Kingfisher.git";
			requirement = {
				kind = upToNextMajorVersion;
				minimumVersion = 7.0.0;
			};
		};
		C1008F942D101B7400F990FF /* XCRemoteSwiftPackageReference "Then" */ = {
			isa = XCRemoteSwiftPackageReference;
			repositoryURL = "https://github.com/devxoul/Then";
			requirement = {
				kind = upToNextMajorVersion;
				minimumVersion = 3.0.0;
			};
		};
		C1008F972D101B8900F990FF /* XCRemoteSwiftPackageReference "SnapKit" */ = {
			isa = XCRemoteSwiftPackageReference;
			repositoryURL = "https://github.com/SnapKit/SnapKit";
			requirement = {
				kind = upToNextMajorVersion;
				minimumVersion = 5.7.1;
			};
		};
		C10A0B592D11CB7900260F9C /* XCRemoteSwiftPackageReference "xcstrings-tool-plugin" */ = {
			isa = XCRemoteSwiftPackageReference;
			repositoryURL = "https://github.com/liamnichols/xcstrings-tool-plugin";
			requirement = {
				kind = upToNextMajorVersion;
				minimumVersion = 1.0.0;
			};
		};
		C1E19B472D11C97F00E9E0DE /* XCRemoteSwiftPackageReference "SwiftLintPlugins" */ = {
			isa = XCRemoteSwiftPackageReference;
			repositoryURL = "https://github.com/SimplyDanny/SwiftLintPlugins";
			requirement = {
				kind = upToNextMajorVersion;
				minimumVersion = 0.57.1;
			};
		};
/* End XCRemoteSwiftPackageReference section */

/* Begin XCSwiftPackageProductDependency section */
		3F603CCC29DB4A53000C43D7 /* ProgressHUD */ = {
			isa = XCSwiftPackageProductDependency;
			package = 3F603CCB29DB4A53000C43D7 /* XCRemoteSwiftPackageReference "ProgressHUD" */;
			productName = ProgressHUD;
		};
		3F603CCF29DB4A74000C43D7 /* Kingfisher */ = {
			isa = XCSwiftPackageProductDependency;
			package = 3F603CCE29DB4A74000C43D7 /* XCRemoteSwiftPackageReference "Kingfisher" */;
			productName = Kingfisher;
		};
		C1008F952D101B7400F990FF /* Then */ = {
			isa = XCSwiftPackageProductDependency;
			package = C1008F942D101B7400F990FF /* XCRemoteSwiftPackageReference "Then" */;
			productName = Then;
		};
		C1008F982D101B8900F990FF /* SnapKit */ = {
			isa = XCSwiftPackageProductDependency;
			package = C1008F972D101B8900F990FF /* XCRemoteSwiftPackageReference "SnapKit" */;
			productName = SnapKit;
		};
		C10A0B5A2D11CBA600260F9C /* XCStringsToolPlugin */ = {
			isa = XCSwiftPackageProductDependency;
			package = C10A0B592D11CB7900260F9C /* XCRemoteSwiftPackageReference "xcstrings-tool-plugin" */;
			productName = "plugin:XCStringsToolPlugin";
		};
/* End XCSwiftPackageProductDependency section */
	};
	rootObject = 3F68068B29CBBAF100B4F915 /* Project object */;
}
